// !$*UTF8*$!
{
	archiveVersion = 1;
	classes = {
	};
	objectVersion = 46;
	objects = {

/* Begin PBXBuildFile section */
		6F1201791E513D1B00EA2198 /* main.m in Sources */ = {isa = PBXBuildFile; fileRef = 6F1201781E513D1B00EA2198 /* main.m */; };
		6F12017C1E513D1B00EA2198 /* AppDelegate.m in Sources */ = {isa = PBXBuildFile; fileRef = 6F12017B1E513D1B00EA2198 /* AppDelegate.m */; };
		6F12017F1E513D1B00EA2198 /* ViewController.m in Sources */ = {isa = PBXBuildFile; fileRef = 6F12017E1E513D1B00EA2198 /* ViewController.m */; };
		6F1201821E513D1B00EA2198 /* Main.storyboard in Resources */ = {isa = PBXBuildFile; fileRef = 6F1201801E513D1B00EA2198 /* Main.storyboard */; };
		6F1201841E513D1B00EA2198 /* Assets.xcassets in Resources */ = {isa = PBXBuildFile; fileRef = 6F1201831E513D1B00EA2198 /* Assets.xcassets */; };
		6F1201871E513D1B00EA2198 /* LaunchScreen.storyboard in Resources */ = {isa = PBXBuildFile; fileRef = 6F1201851E513D1B00EA2198 /* LaunchScreen.storyboard */; };
		6F1201951E513E5500EA2198 /* LFAsset.m in Sources */ = {isa = PBXBuildFile; fileRef = 6F1201941E513E5500EA2198 /* LFAsset.m */; };
		6F12019A1E513ECD00EA2198 /* LFAssetCell.m in Sources */ = {isa = PBXBuildFile; fileRef = 6F1201991E513ECD00EA2198 /* LFAssetCell.m */; };
		6F12019D1E513EE100EA2198 /* LFAlbumCell.m in Sources */ = {isa = PBXBuildFile; fileRef = 6F12019C1E513EE100EA2198 /* LFAlbumCell.m */; };
		6F1201A01E513FB100EA2198 /* LFAssetManager.m in Sources */ = {isa = PBXBuildFile; fileRef = 6F12019F1E513FB100EA2198 /* LFAssetManager.m */; };
		6F1201A61E51404400EA2198 /* LFImagePickerController.bundle in Resources */ = {isa = PBXBuildFile; fileRef = 6F1201A51E51404400EA2198 /* LFImagePickerController.bundle */; };
		6F1201A91E5140C900EA2198 /* LFImagePickerController.m in Sources */ = {isa = PBXBuildFile; fileRef = 6F1201A81E5140C900EA2198 /* LFImagePickerController.m */; };
		6F1201AD1E514F9D00EA2198 /* LFAlbum.m in Sources */ = {isa = PBXBuildFile; fileRef = 6F1201AC1E514F9D00EA2198 /* LFAlbum.m */; };
		6F1201B01E51520400EA2198 /* LFAssetManager+Authorization.m in Sources */ = {isa = PBXBuildFile; fileRef = 6F1201AF1E51520400EA2198 /* LFAssetManager+Authorization.m */; };
		6F1201BF1E5183E000EA2198 /* LFPhotoPickerController.m in Sources */ = {isa = PBXBuildFile; fileRef = 6F1201BE1E5183E000EA2198 /* LFPhotoPickerController.m */; };
		6F1201C21E51884B00EA2198 /* LFLayoutPickerController.m in Sources */ = {isa = PBXBuildFile; fileRef = 6F1201C11E51884B00EA2198 /* LFLayoutPickerController.m */; };
		6F1201C51E518EBE00EA2198 /* LFAlbumPickerController.m in Sources */ = {isa = PBXBuildFile; fileRef = 6F1201C41E518EBE00EA2198 /* LFAlbumPickerController.m */; };
		6F1201E51E519E8300EA2198 /* UIAlertView+LF_Block.m in Sources */ = {isa = PBXBuildFile; fileRef = 6F1201D81E519E8300EA2198 /* UIAlertView+LF_Block.m */; };
		6F1201E61E519E8300EA2198 /* UIImage+LF_ImageCompress.m in Sources */ = {isa = PBXBuildFile; fileRef = 6F1201DA1E519E8300EA2198 /* UIImage+LF_ImageCompress.m */; };
		6F1201E71E519E8300EA2198 /* UIView+LFAnimate.m in Sources */ = {isa = PBXBuildFile; fileRef = 6F1201DC1E519E8300EA2198 /* UIView+LFAnimate.m */; };
		6F1201E81E519E8300EA2198 /* UIView+LFFrame.m in Sources */ = {isa = PBXBuildFile; fileRef = 6F1201DE1E519E8300EA2198 /* UIView+LFFrame.m */; };
		6F1201E91E519E8300EA2198 /* LF_FileUtility.m in Sources */ = {isa = PBXBuildFile; fileRef = 6F1201E11E519E8300EA2198 /* LF_FileUtility.m */; };
		6F1201EA1E519E8300EA2198 /* LF_VideoUtils.m in Sources */ = {isa = PBXBuildFile; fileRef = 6F1201E41E519E8300EA2198 /* LF_VideoUtils.m */; };
		6F1201ED1E51A06D00EA2198 /* UIImage+LFCommon.m in Sources */ = {isa = PBXBuildFile; fileRef = 6F1201EC1E51A06D00EA2198 /* UIImage+LFCommon.m */; };
		6F1201F01E51A6EA00EA2198 /* LFPhotoPreviewController.m in Sources */ = {isa = PBXBuildFile; fileRef = 6F1201EF1E51A6EA00EA2198 /* LFPhotoPreviewController.m */; };
		6F1201F31E51AE2E00EA2198 /* LFVideoPlayerController.m in Sources */ = {isa = PBXBuildFile; fileRef = 6F1201F21E51AE2E00EA2198 /* LFVideoPlayerController.m */; };
		6F2EEAF31E52F4A500765689 /* LFPhotoPreviewCell.m in Sources */ = {isa = PBXBuildFile; fileRef = 6F2EEAF21E52F4A500765689 /* LFPhotoPreviewCell.m */; };
		6FB2F4521E650DD700485807 /* LFSplashView.m in Sources */ = {isa = PBXBuildFile; fileRef = 6FB2F4511E650DD700485807 /* LFSplashView.m */; };
		6FF286051E5D6D4F0008FB5B /* LFPhotoEdittingController.m in Sources */ = {isa = PBXBuildFile; fileRef = 6FF286041E5D6D4F0008FB5B /* LFPhotoEdittingController.m */; };
		6FF2860C1E5E6DDD0008FB5B /* LFDrawView.m in Sources */ = {isa = PBXBuildFile; fileRef = 6FF2860B1E5E6DDD0008FB5B /* LFDrawView.m */; };
		6FF286121E5EB9AD0008FB5B /* UIView+LFCommon.m in Sources */ = {isa = PBXBuildFile; fileRef = 6FF286111E5EB9AD0008FB5B /* UIView+LFCommon.m */; };
		6FF286151E5EDA400008FB5B /* LFPhotoEdit.m in Sources */ = {isa = PBXBuildFile; fileRef = 6FF286141E5EDA400008FB5B /* LFPhotoEdit.m */; };
		6FF286181E5EDA510008FB5B /* LFPhotoEditManager.m in Sources */ = {isa = PBXBuildFile; fileRef = 6FF286171E5EDA510008FB5B /* LFPhotoEditManager.m */; };
		6FF2861C1E5FFF170008FB5B /* LFImagePickerHeader.m in Sources */ = {isa = PBXBuildFile; fileRef = 6FF2861B1E5FFF170008FB5B /* LFImagePickerHeader.m */; };
		6FF286231E6013F50008FB5B /* LFMovingView.m in Sources */ = {isa = PBXBuildFile; fileRef = 6FF286221E6013F50008FB5B /* LFMovingView.m */; };
		6FF286261E6014160008FB5B /* LFStickerView.m in Sources */ = {isa = PBXBuildFile; fileRef = 6FF286251E6014160008FB5B /* LFStickerView.m */; };
/* End PBXBuildFile section */

/* Begin PBXFileReference section */
		6F1201741E513D1B00EA2198 /* LFImagePickerController.app */ = {isa = PBXFileReference; explicitFileType = wrapper.application; includeInIndex = 0; path = LFImagePickerController.app; sourceTree = BUILT_PRODUCTS_DIR; };
		6F1201781E513D1B00EA2198 /* main.m */ = {isa = PBXFileReference; lastKnownFileType = sourcecode.c.objc; path = main.m; sourceTree = "<group>"; };
		6F12017A1E513D1B00EA2198 /* AppDelegate.h */ = {isa = PBXFileReference; lastKnownFileType = sourcecode.c.h; path = AppDelegate.h; sourceTree = "<group>"; };
		6F12017B1E513D1B00EA2198 /* AppDelegate.m */ = {isa = PBXFileReference; lastKnownFileType = sourcecode.c.objc; path = AppDelegate.m; sourceTree = "<group>"; };
		6F12017D1E513D1B00EA2198 /* ViewController.h */ = {isa = PBXFileReference; lastKnownFileType = sourcecode.c.h; path = ViewController.h; sourceTree = "<group>"; };
		6F12017E1E513D1B00EA2198 /* ViewController.m */ = {isa = PBXFileReference; lastKnownFileType = sourcecode.c.objc; path = ViewController.m; sourceTree = "<group>"; };
		6F1201811E513D1B00EA2198 /* Base */ = {isa = PBXFileReference; lastKnownFileType = file.storyboard; name = Base; path = Base.lproj/Main.storyboard; sourceTree = "<group>"; };
		6F1201831E513D1B00EA2198 /* Assets.xcassets */ = {isa = PBXFileReference; lastKnownFileType = folder.assetcatalog; path = Assets.xcassets; sourceTree = "<group>"; };
		6F1201861E513D1B00EA2198 /* Base */ = {isa = PBXFileReference; lastKnownFileType = file.storyboard; name = Base; path = Base.lproj/LaunchScreen.storyboard; sourceTree = "<group>"; };
		6F1201881E513D1B00EA2198 /* Info.plist */ = {isa = PBXFileReference; lastKnownFileType = text.plist.xml; path = Info.plist; sourceTree = "<group>"; };
		6F1201931E513E5500EA2198 /* LFAsset.h */ = {isa = PBXFileReference; fileEncoding = 4; lastKnownFileType = sourcecode.c.h; path = LFAsset.h; sourceTree = "<group>"; };
		6F1201941E513E5500EA2198 /* LFAsset.m */ = {isa = PBXFileReference; fileEncoding = 4; lastKnownFileType = sourcecode.c.objc; path = LFAsset.m; sourceTree = "<group>"; };
		6F1201981E513ECD00EA2198 /* LFAssetCell.h */ = {isa = PBXFileReference; fileEncoding = 4; lastKnownFileType = sourcecode.c.h; path = LFAssetCell.h; sourceTree = "<group>"; };
		6F1201991E513ECD00EA2198 /* LFAssetCell.m */ = {isa = PBXFileReference; fileEncoding = 4; lastKnownFileType = sourcecode.c.objc; path = LFAssetCell.m; sourceTree = "<group>"; };
		6F12019B1E513EE100EA2198 /* LFAlbumCell.h */ = {isa = PBXFileReference; fileEncoding = 4; lastKnownFileType = sourcecode.c.h; path = LFAlbumCell.h; sourceTree = "<group>"; };
		6F12019C1E513EE100EA2198 /* LFAlbumCell.m */ = {isa = PBXFileReference; fileEncoding = 4; lastKnownFileType = sourcecode.c.objc; path = LFAlbumCell.m; sourceTree = "<group>"; };
		6F12019E1E513FB100EA2198 /* LFAssetManager.h */ = {isa = PBXFileReference; fileEncoding = 4; lastKnownFileType = sourcecode.c.h; path = LFAssetManager.h; sourceTree = "<group>"; };
		6F12019F1E513FB100EA2198 /* LFAssetManager.m */ = {isa = PBXFileReference; fileEncoding = 4; lastKnownFileType = sourcecode.c.objc; path = LFAssetManager.m; sourceTree = "<group>"; };
		6F1201A51E51404400EA2198 /* LFImagePickerController.bundle */ = {isa = PBXFileReference; lastKnownFileType = "wrapper.plug-in"; path = LFImagePickerController.bundle; sourceTree = "<group>"; };
		6F1201A71E5140C900EA2198 /* LFImagePickerController.h */ = {isa = PBXFileReference; fileEncoding = 4; lastKnownFileType = sourcecode.c.h; path = LFImagePickerController.h; sourceTree = "<group>"; };
		6F1201A81E5140C900EA2198 /* LFImagePickerController.m */ = {isa = PBXFileReference; fileEncoding = 4; lastKnownFileType = sourcecode.c.objc; path = LFImagePickerController.m; sourceTree = "<group>"; };
		6F1201AB1E514F9D00EA2198 /* LFAlbum.h */ = {isa = PBXFileReference; fileEncoding = 4; lastKnownFileType = sourcecode.c.h; path = LFAlbum.h; sourceTree = "<group>"; };
		6F1201AC1E514F9D00EA2198 /* LFAlbum.m */ = {isa = PBXFileReference; fileEncoding = 4; lastKnownFileType = sourcecode.c.objc; path = LFAlbum.m; sourceTree = "<group>"; };
		6F1201AE1E51520400EA2198 /* LFAssetManager+Authorization.h */ = {isa = PBXFileReference; fileEncoding = 4; lastKnownFileType = sourcecode.c.h; path = "LFAssetManager+Authorization.h"; sourceTree = "<group>"; };
		6F1201AF1E51520400EA2198 /* LFAssetManager+Authorization.m */ = {isa = PBXFileReference; fileEncoding = 4; lastKnownFileType = sourcecode.c.objc; path = "LFAssetManager+Authorization.m"; sourceTree = "<group>"; };
		6F1201BD1E5183E000EA2198 /* LFPhotoPickerController.h */ = {isa = PBXFileReference; fileEncoding = 4; lastKnownFileType = sourcecode.c.h; path = LFPhotoPickerController.h; sourceTree = "<group>"; };
		6F1201BE1E5183E000EA2198 /* LFPhotoPickerController.m */ = {isa = PBXFileReference; fileEncoding = 4; lastKnownFileType = sourcecode.c.objc; path = LFPhotoPickerController.m; sourceTree = "<group>"; };
		6F1201C01E51884B00EA2198 /* LFLayoutPickerController.h */ = {isa = PBXFileReference; fileEncoding = 4; lastKnownFileType = sourcecode.c.h; path = LFLayoutPickerController.h; sourceTree = "<group>"; };
		6F1201C11E51884B00EA2198 /* LFLayoutPickerController.m */ = {isa = PBXFileReference; fileEncoding = 4; lastKnownFileType = sourcecode.c.objc; path = LFLayoutPickerController.m; sourceTree = "<group>"; };
		6F1201C31E518EBE00EA2198 /* LFAlbumPickerController.h */ = {isa = PBXFileReference; fileEncoding = 4; lastKnownFileType = sourcecode.c.h; path = LFAlbumPickerController.h; sourceTree = "<group>"; };
		6F1201C41E518EBE00EA2198 /* LFAlbumPickerController.m */ = {isa = PBXFileReference; fileEncoding = 4; lastKnownFileType = sourcecode.c.objc; path = LFAlbumPickerController.m; sourceTree = "<group>"; };
		6F1201D71E519E8300EA2198 /* UIAlertView+LF_Block.h */ = {isa = PBXFileReference; fileEncoding = 4; lastKnownFileType = sourcecode.c.h; path = "UIAlertView+LF_Block.h"; sourceTree = "<group>"; };
		6F1201D81E519E8300EA2198 /* UIAlertView+LF_Block.m */ = {isa = PBXFileReference; fileEncoding = 4; lastKnownFileType = sourcecode.c.objc; path = "UIAlertView+LF_Block.m"; sourceTree = "<group>"; };
		6F1201D91E519E8300EA2198 /* UIImage+LF_ImageCompress.h */ = {isa = PBXFileReference; fileEncoding = 4; lastKnownFileType = sourcecode.c.h; path = "UIImage+LF_ImageCompress.h"; sourceTree = "<group>"; };
		6F1201DA1E519E8300EA2198 /* UIImage+LF_ImageCompress.m */ = {isa = PBXFileReference; fileEncoding = 4; lastKnownFileType = sourcecode.c.objc; path = "UIImage+LF_ImageCompress.m"; sourceTree = "<group>"; };
		6F1201DB1E519E8300EA2198 /* UIView+LFAnimate.h */ = {isa = PBXFileReference; fileEncoding = 4; lastKnownFileType = sourcecode.c.h; path = "UIView+LFAnimate.h"; sourceTree = "<group>"; };
		6F1201DC1E519E8300EA2198 /* UIView+LFAnimate.m */ = {isa = PBXFileReference; fileEncoding = 4; lastKnownFileType = sourcecode.c.objc; path = "UIView+LFAnimate.m"; sourceTree = "<group>"; };
		6F1201DD1E519E8300EA2198 /* UIView+LFFrame.h */ = {isa = PBXFileReference; fileEncoding = 4; lastKnownFileType = sourcecode.c.h; path = "UIView+LFFrame.h"; sourceTree = "<group>"; };
		6F1201DE1E519E8300EA2198 /* UIView+LFFrame.m */ = {isa = PBXFileReference; fileEncoding = 4; lastKnownFileType = sourcecode.c.objc; path = "UIView+LFFrame.m"; sourceTree = "<group>"; };
		6F1201E01E519E8300EA2198 /* LF_FileUtility.h */ = {isa = PBXFileReference; fileEncoding = 4; lastKnownFileType = sourcecode.c.h; path = LF_FileUtility.h; sourceTree = "<group>"; };
		6F1201E11E519E8300EA2198 /* LF_FileUtility.m */ = {isa = PBXFileReference; fileEncoding = 4; lastKnownFileType = sourcecode.c.objc; path = LF_FileUtility.m; sourceTree = "<group>"; };
		6F1201E31E519E8300EA2198 /* LF_VideoUtils.h */ = {isa = PBXFileReference; fileEncoding = 4; lastKnownFileType = sourcecode.c.h; path = LF_VideoUtils.h; sourceTree = "<group>"; };
		6F1201E41E519E8300EA2198 /* LF_VideoUtils.m */ = {isa = PBXFileReference; fileEncoding = 4; lastKnownFileType = sourcecode.c.objc; path = LF_VideoUtils.m; sourceTree = "<group>"; };
		6F1201EB1E51A06D00EA2198 /* UIImage+LFCommon.h */ = {isa = PBXFileReference; fileEncoding = 4; lastKnownFileType = sourcecode.c.h; path = "UIImage+LFCommon.h"; sourceTree = "<group>"; };
		6F1201EC1E51A06D00EA2198 /* UIImage+LFCommon.m */ = {isa = PBXFileReference; fileEncoding = 4; lastKnownFileType = sourcecode.c.objc; path = "UIImage+LFCommon.m"; sourceTree = "<group>"; };
		6F1201EE1E51A6EA00EA2198 /* LFPhotoPreviewController.h */ = {isa = PBXFileReference; fileEncoding = 4; lastKnownFileType = sourcecode.c.h; path = LFPhotoPreviewController.h; sourceTree = "<group>"; };
		6F1201EF1E51A6EA00EA2198 /* LFPhotoPreviewController.m */ = {isa = PBXFileReference; fileEncoding = 4; lastKnownFileType = sourcecode.c.objc; path = LFPhotoPreviewController.m; sourceTree = "<group>"; };
		6F1201F11E51AE2E00EA2198 /* LFVideoPlayerController.h */ = {isa = PBXFileReference; fileEncoding = 4; lastKnownFileType = sourcecode.c.h; path = LFVideoPlayerController.h; sourceTree = "<group>"; };
		6F1201F21E51AE2E00EA2198 /* LFVideoPlayerController.m */ = {isa = PBXFileReference; fileEncoding = 4; lastKnownFileType = sourcecode.c.objc; path = LFVideoPlayerController.m; sourceTree = "<group>"; };
		6F2EEAF11E52F4A500765689 /* LFPhotoPreviewCell.h */ = {isa = PBXFileReference; fileEncoding = 4; lastKnownFileType = sourcecode.c.h; path = LFPhotoPreviewCell.h; sourceTree = "<group>"; };
		6F2EEAF21E52F4A500765689 /* LFPhotoPreviewCell.m */ = {isa = PBXFileReference; fileEncoding = 4; lastKnownFileType = sourcecode.c.objc; path = LFPhotoPreviewCell.m; sourceTree = "<group>"; };
		6FB2F4501E650DD700485807 /* LFSplashView.h */ = {isa = PBXFileReference; fileEncoding = 4; lastKnownFileType = sourcecode.c.h; path = LFSplashView.h; sourceTree = "<group>"; };
		6FB2F4511E650DD700485807 /* LFSplashView.m */ = {isa = PBXFileReference; fileEncoding = 4; lastKnownFileType = sourcecode.c.objc; path = LFSplashView.m; sourceTree = "<group>"; };
		6FF286031E5D6D4F0008FB5B /* LFPhotoEdittingController.h */ = {isa = PBXFileReference; fileEncoding = 4; lastKnownFileType = sourcecode.c.h; path = LFPhotoEdittingController.h; sourceTree = "<group>"; };
		6FF286041E5D6D4F0008FB5B /* LFPhotoEdittingController.m */ = {isa = PBXFileReference; fileEncoding = 4; lastKnownFileType = sourcecode.c.objc; path = LFPhotoEdittingController.m; sourceTree = "<group>"; };
		6FF2860A1E5E6DDD0008FB5B /* LFDrawView.h */ = {isa = PBXFileReference; fileEncoding = 4; lastKnownFileType = sourcecode.c.h; path = LFDrawView.h; sourceTree = "<group>"; };
		6FF2860B1E5E6DDD0008FB5B /* LFDrawView.m */ = {isa = PBXFileReference; fileEncoding = 4; lastKnownFileType = sourcecode.c.objc; path = LFDrawView.m; sourceTree = "<group>"; };
		6FF286101E5EB9AD0008FB5B /* UIView+LFCommon.h */ = {isa = PBXFileReference; fileEncoding = 4; lastKnownFileType = sourcecode.c.h; path = "UIView+LFCommon.h"; sourceTree = "<group>"; };
		6FF286111E5EB9AD0008FB5B /* UIView+LFCommon.m */ = {isa = PBXFileReference; fileEncoding = 4; lastKnownFileType = sourcecode.c.objc; path = "UIView+LFCommon.m"; sourceTree = "<group>"; };
		6FF286131E5EDA400008FB5B /* LFPhotoEdit.h */ = {isa = PBXFileReference; fileEncoding = 4; lastKnownFileType = sourcecode.c.h; path = LFPhotoEdit.h; sourceTree = "<group>"; };
		6FF286141E5EDA400008FB5B /* LFPhotoEdit.m */ = {isa = PBXFileReference; fileEncoding = 4; lastKnownFileType = sourcecode.c.objc; path = LFPhotoEdit.m; sourceTree = "<group>"; };
		6FF286161E5EDA510008FB5B /* LFPhotoEditManager.h */ = {isa = PBXFileReference; fileEncoding = 4; lastKnownFileType = sourcecode.c.h; path = LFPhotoEditManager.h; sourceTree = "<group>"; };
		6FF286171E5EDA510008FB5B /* LFPhotoEditManager.m */ = {isa = PBXFileReference; fileEncoding = 4; lastKnownFileType = sourcecode.c.objc; path = LFPhotoEditManager.m; sourceTree = "<group>"; };
		6FF2861A1E5FFF170008FB5B /* LFImagePickerHeader.h */ = {isa = PBXFileReference; fileEncoding = 4; lastKnownFileType = sourcecode.c.h; path = LFImagePickerHeader.h; sourceTree = "<group>"; };
		6FF2861B1E5FFF170008FB5B /* LFImagePickerHeader.m */ = {isa = PBXFileReference; fileEncoding = 4; lastKnownFileType = sourcecode.c.objc; path = LFImagePickerHeader.m; sourceTree = "<group>"; };
		6FF286211E6013F50008FB5B /* LFMovingView.h */ = {isa = PBXFileReference; fileEncoding = 4; lastKnownFileType = sourcecode.c.h; path = LFMovingView.h; sourceTree = "<group>"; };
		6FF286221E6013F50008FB5B /* LFMovingView.m */ = {isa = PBXFileReference; fileEncoding = 4; lastKnownFileType = sourcecode.c.objc; path = LFMovingView.m; sourceTree = "<group>"; };
		6FF286241E6014160008FB5B /* LFStickerView.h */ = {isa = PBXFileReference; fileEncoding = 4; lastKnownFileType = sourcecode.c.h; path = LFStickerView.h; sourceTree = "<group>"; };
		6FF286251E6014160008FB5B /* LFStickerView.m */ = {isa = PBXFileReference; fileEncoding = 4; lastKnownFileType = sourcecode.c.objc; path = LFStickerView.m; sourceTree = "<group>"; };
/* End PBXFileReference section */

/* Begin PBXFrameworksBuildPhase section */
		6F1201711E513D1B00EA2198 /* Frameworks */ = {
			isa = PBXFrameworksBuildPhase;
			buildActionMask = 2147483647;
			files = (
			);
			runOnlyForDeploymentPostprocessing = 0;
		};
/* End PBXFrameworksBuildPhase section */

/* Begin PBXGroup section */
		6F12016B1E513D1B00EA2198 = {
			isa = PBXGroup;
			children = (
				6F1201761E513D1B00EA2198 /* LFImagePickerController */,
				6F1201751E513D1B00EA2198 /* Products */,
			);
			sourceTree = "<group>";
		};
		6F1201751E513D1B00EA2198 /* Products */ = {
			isa = PBXGroup;
			children = (
				6F1201741E513D1B00EA2198 /* LFImagePickerController.app */,
			);
			name = Products;
			sourceTree = "<group>";
		};
		6F1201761E513D1B00EA2198 /* LFImagePickerController */ = {
			isa = PBXGroup;
			children = (
				6F12018E1E513DF200EA2198 /* class */,
				6F12017A1E513D1B00EA2198 /* AppDelegate.h */,
				6F12017B1E513D1B00EA2198 /* AppDelegate.m */,
				6F12017D1E513D1B00EA2198 /* ViewController.h */,
				6F12017E1E513D1B00EA2198 /* ViewController.m */,
				6F1201801E513D1B00EA2198 /* Main.storyboard */,
				6F1201831E513D1B00EA2198 /* Assets.xcassets */,
				6F1201851E513D1B00EA2198 /* LaunchScreen.storyboard */,
				6F1201881E513D1B00EA2198 /* Info.plist */,
				6F1201771E513D1B00EA2198 /* Supporting Files */,
			);
			path = LFImagePickerController;
			sourceTree = "<group>";
		};
		6F1201771E513D1B00EA2198 /* Supporting Files */ = {
			isa = PBXGroup;
			children = (
				6F1201781E513D1B00EA2198 /* main.m */,
			);
			name = "Supporting Files";
			sourceTree = "<group>";
		};
		6F12018E1E513DF200EA2198 /* class */ = {
			isa = PBXGroup;
			children = (
				6F1201A11E513FCF00EA2198 /* define */,
				6F1201961E513E6600EA2198 /* cell */,
				6F1201971E513E6600EA2198 /* manager */,
				6F1201921E513E5500EA2198 /* model */,
				6FF286091E5E6DC70008FB5B /* view */,
				6F1201B11E517E9D00EA2198 /* utils */,
				6F1201BC1E5183E000EA2198 /* controller */,
				6F1201A71E5140C900EA2198 /* LFImagePickerController.h */,
				6F1201A81E5140C900EA2198 /* LFImagePickerController.m */,
				6F1201C01E51884B00EA2198 /* LFLayoutPickerController.h */,
				6F1201C11E51884B00EA2198 /* LFLayoutPickerController.m */,
				6F1201A51E51404400EA2198 /* LFImagePickerController.bundle */,
			);
			path = class;
			sourceTree = "<group>";
		};
		6F1201921E513E5500EA2198 /* model */ = {
			isa = PBXGroup;
			children = (
				6F1201931E513E5500EA2198 /* LFAsset.h */,
				6F1201941E513E5500EA2198 /* LFAsset.m */,
				6F1201AB1E514F9D00EA2198 /* LFAlbum.h */,
				6F1201AC1E514F9D00EA2198 /* LFAlbum.m */,
				6FF286131E5EDA400008FB5B /* LFPhotoEdit.h */,
				6FF286141E5EDA400008FB5B /* LFPhotoEdit.m */,
			);
			path = model;
			sourceTree = "<group>";
		};
		6F1201961E513E6600EA2198 /* cell */ = {
			isa = PBXGroup;
			children = (
				6F1201981E513ECD00EA2198 /* LFAssetCell.h */,
				6F1201991E513ECD00EA2198 /* LFAssetCell.m */,
				6F12019B1E513EE100EA2198 /* LFAlbumCell.h */,
				6F12019C1E513EE100EA2198 /* LFAlbumCell.m */,
				6F2EEAF11E52F4A500765689 /* LFPhotoPreviewCell.h */,
				6F2EEAF21E52F4A500765689 /* LFPhotoPreviewCell.m */,
			);
			name = cell;
			path = LFImagePickerController/class/cell;
			sourceTree = SOURCE_ROOT;
		};
		6F1201971E513E6600EA2198 /* manager */ = {
			isa = PBXGroup;
			children = (
				6F12019E1E513FB100EA2198 /* LFAssetManager.h */,
				6F12019F1E513FB100EA2198 /* LFAssetManager.m */,
				6F1201AE1E51520400EA2198 /* LFAssetManager+Authorization.h */,
				6F1201AF1E51520400EA2198 /* LFAssetManager+Authorization.m */,
				6FF286161E5EDA510008FB5B /* LFPhotoEditManager.h */,
				6FF286171E5EDA510008FB5B /* LFPhotoEditManager.m */,
			);
			name = manager;
			path = LFImagePickerController/class/manager;
			sourceTree = SOURCE_ROOT;
		};
		6F1201A11E513FCF00EA2198 /* define */ = {
			isa = PBXGroup;
			children = (
				6FF2861A1E5FFF170008FB5B /* LFImagePickerHeader.h */,
				6FF2861B1E5FFF170008FB5B /* LFImagePickerHeader.m */,
			);
			path = define;
			sourceTree = "<group>";
		};
		6F1201B11E517E9D00EA2198 /* utils */ = {
			isa = PBXGroup;
			children = (
				6F1201D61E519E8300EA2198 /* Category */,
				6F1201DF1E519E8300EA2198 /* FileUtils */,
				6F1201E21E519E8300EA2198 /* VideoUtils */,
			);
			path = utils;
			sourceTree = "<group>";
		};
		6F1201BC1E5183E000EA2198 /* controller */ = {
			isa = PBXGroup;
			children = (
				6F1201C31E518EBE00EA2198 /* LFAlbumPickerController.h */,
				6F1201C41E518EBE00EA2198 /* LFAlbumPickerController.m */,
				6F1201BD1E5183E000EA2198 /* LFPhotoPickerController.h */,
				6F1201BE1E5183E000EA2198 /* LFPhotoPickerController.m */,
				6F1201EE1E51A6EA00EA2198 /* LFPhotoPreviewController.h */,
				6F1201EF1E51A6EA00EA2198 /* LFPhotoPreviewController.m */,
				6FF286031E5D6D4F0008FB5B /* LFPhotoEdittingController.h */,
				6FF286041E5D6D4F0008FB5B /* LFPhotoEdittingController.m */,
				6F1201F11E51AE2E00EA2198 /* LFVideoPlayerController.h */,
				6F1201F21E51AE2E00EA2198 /* LFVideoPlayerController.m */,
			);
			path = controller;
			sourceTree = "<group>";
		};
		6F1201D61E519E8300EA2198 /* Category */ = {
			isa = PBXGroup;
			children = (
				6F1201D71E519E8300EA2198 /* UIAlertView+LF_Block.h */,
				6F1201D81E519E8300EA2198 /* UIAlertView+LF_Block.m */,
				6F1201D91E519E8300EA2198 /* UIImage+LF_ImageCompress.h */,
				6F1201DA1E519E8300EA2198 /* UIImage+LF_ImageCompress.m */,
				6F1201DB1E519E8300EA2198 /* UIView+LFAnimate.h */,
				6F1201DC1E519E8300EA2198 /* UIView+LFAnimate.m */,
				6F1201DD1E519E8300EA2198 /* UIView+LFFrame.h */,
				6F1201DE1E519E8300EA2198 /* UIView+LFFrame.m */,
				6F1201EB1E51A06D00EA2198 /* UIImage+LFCommon.h */,
				6F1201EC1E51A06D00EA2198 /* UIImage+LFCommon.m */,
				6FF286101E5EB9AD0008FB5B /* UIView+LFCommon.h */,
				6FF286111E5EB9AD0008FB5B /* UIView+LFCommon.m */,
			);
			path = Category;
			sourceTree = "<group>";
		};
		6F1201DF1E519E8300EA2198 /* FileUtils */ = {
			isa = PBXGroup;
			children = (
				6F1201E01E519E8300EA2198 /* LF_FileUtility.h */,
				6F1201E11E519E8300EA2198 /* LF_FileUtility.m */,
			);
			path = FileUtils;
			sourceTree = "<group>";
		};
		6F1201E21E519E8300EA2198 /* VideoUtils */ = {
			isa = PBXGroup;
			children = (
				6F1201E31E519E8300EA2198 /* LF_VideoUtils.h */,
				6F1201E41E519E8300EA2198 /* LF_VideoUtils.m */,
			);
			path = VideoUtils;
			sourceTree = "<group>";
		};
		6FF286091E5E6DC70008FB5B /* view */ = {
			isa = PBXGroup;
			children = (
				6FF2860A1E5E6DDD0008FB5B /* LFDrawView.h */,
				6FF2860B1E5E6DDD0008FB5B /* LFDrawView.m */,
				6FF286241E6014160008FB5B /* LFStickerView.h */,
				6FF286251E6014160008FB5B /* LFStickerView.m */,
				6FB2F4501E650DD700485807 /* LFSplashView.h */,
				6FB2F4511E650DD700485807 /* LFSplashView.m */,
				6FF286201E6013F50008FB5B /* other */,
			);
			path = view;
			sourceTree = "<group>";
		};
		6FF286201E6013F50008FB5B /* other */ = {
			isa = PBXGroup;
			children = (
				6FF286211E6013F50008FB5B /* LFMovingView.h */,
				6FF286221E6013F50008FB5B /* LFMovingView.m */,
			);
			path = other;
			sourceTree = "<group>";
		};
/* End PBXGroup section */

/* Begin PBXNativeTarget section */
		6F1201731E513D1B00EA2198 /* LFImagePickerController */ = {
			isa = PBXNativeTarget;
			buildConfigurationList = 6F12018B1E513D1B00EA2198 /* Build configuration list for PBXNativeTarget "LFImagePickerController" */;
			buildPhases = (
				6F1201701E513D1B00EA2198 /* Sources */,
				6F1201711E513D1B00EA2198 /* Frameworks */,
				6F1201721E513D1B00EA2198 /* Resources */,
			);
			buildRules = (
			);
			dependencies = (
			);
			name = LFImagePickerController;
			productName = LFImagePickerController;
			productReference = 6F1201741E513D1B00EA2198 /* LFImagePickerController.app */;
			productType = "com.apple.product-type.application";
		};
/* End PBXNativeTarget section */

/* Begin PBXProject section */
		6F12016C1E513D1B00EA2198 /* Project object */ = {
			isa = PBXProject;
			attributes = {
				LastUpgradeCheck = 0820;
				ORGANIZATIONNAME = LamTsanFeng;
				TargetAttributes = {
					6F1201731E513D1B00EA2198 = {
						CreatedOnToolsVersion = 8.2.1;
						DevelopmentTeam = 3VDRUN62M8;
						ProvisioningStyle = Automatic;
					};
				};
			};
			buildConfigurationList = 6F12016F1E513D1B00EA2198 /* Build configuration list for PBXProject "LFImagePickerController" */;
			compatibilityVersion = "Xcode 3.2";
			developmentRegion = English;
			hasScannedForEncodings = 0;
			knownRegions = (
				en,
				Base,
			);
			mainGroup = 6F12016B1E513D1B00EA2198;
			productRefGroup = 6F1201751E513D1B00EA2198 /* Products */;
			projectDirPath = "";
			projectRoot = "";
			targets = (
				6F1201731E513D1B00EA2198 /* LFImagePickerController */,
			);
		};
/* End PBXProject section */

/* Begin PBXResourcesBuildPhase section */
		6F1201721E513D1B00EA2198 /* Resources */ = {
			isa = PBXResourcesBuildPhase;
			buildActionMask = 2147483647;
			files = (
				6F1201871E513D1B00EA2198 /* LaunchScreen.storyboard in Resources */,
				6F1201A61E51404400EA2198 /* LFImagePickerController.bundle in Resources */,
				6F1201841E513D1B00EA2198 /* Assets.xcassets in Resources */,
				6F1201821E513D1B00EA2198 /* Main.storyboard in Resources */,
			);
			runOnlyForDeploymentPostprocessing = 0;
		};
/* End PBXResourcesBuildPhase section */

/* Begin PBXSourcesBuildPhase section */
		6F1201701E513D1B00EA2198 /* Sources */ = {
			isa = PBXSourcesBuildPhase;
			buildActionMask = 2147483647;
			files = (
				6F1201E81E519E8300EA2198 /* UIView+LFFrame.m in Sources */,
				6F1201E61E519E8300EA2198 /* UIImage+LF_ImageCompress.m in Sources */,
				6FF2860C1E5E6DDD0008FB5B /* LFDrawView.m in Sources */,
				6FF286121E5EB9AD0008FB5B /* UIView+LFCommon.m in Sources */,
				6F1201B01E51520400EA2198 /* LFAssetManager+Authorization.m in Sources */,
				6F1201E71E519E8300EA2198 /* UIView+LFAnimate.m in Sources */,
				6FF286151E5EDA400008FB5B /* LFPhotoEdit.m in Sources */,
				6F12017F1E513D1B00EA2198 /* ViewController.m in Sources */,
				6F12017C1E513D1B00EA2198 /* AppDelegate.m in Sources */,
				6F2EEAF31E52F4A500765689 /* LFPhotoPreviewCell.m in Sources */,
				6F1201951E513E5500EA2198 /* LFAsset.m in Sources */,
				6F1201791E513D1B00EA2198 /* main.m in Sources */,
				6FF286181E5EDA510008FB5B /* LFPhotoEditManager.m in Sources */,
				6F1201ED1E51A06D00EA2198 /* UIImage+LFCommon.m in Sources */,
				6FF286261E6014160008FB5B /* LFStickerView.m in Sources */,
				6FF286231E6013F50008FB5B /* LFMovingView.m in Sources */,
				6F1201C51E518EBE00EA2198 /* LFAlbumPickerController.m in Sources */,
				6FF2861C1E5FFF170008FB5B /* LFImagePickerHeader.m in Sources */,
				6FB2F4521E650DD700485807 /* LFSplashView.m in Sources */,
				6F12019A1E513ECD00EA2198 /* LFAssetCell.m in Sources */,
				6F1201A01E513FB100EA2198 /* LFAssetManager.m in Sources */,
				6F12019D1E513EE100EA2198 /* LFAlbumCell.m in Sources */,
				6FF286051E5D6D4F0008FB5B /* LFPhotoEdittingController.m in Sources */,
				6F1201BF1E5183E000EA2198 /* LFPhotoPickerController.m in Sources */,
				6F1201F01E51A6EA00EA2198 /* LFPhotoPreviewController.m in Sources */,
				6F1201AD1E514F9D00EA2198 /* LFAlbum.m in Sources */,
				6F1201E51E519E8300EA2198 /* UIAlertView+LF_Block.m in Sources */,
				6F1201A91E5140C900EA2198 /* LFImagePickerController.m in Sources */,
				6F1201E91E519E8300EA2198 /* LF_FileUtility.m in Sources */,
				6F1201C21E51884B00EA2198 /* LFLayoutPickerController.m in Sources */,
				6F1201F31E51AE2E00EA2198 /* LFVideoPlayerController.m in Sources */,
				6F1201EA1E519E8300EA2198 /* LF_VideoUtils.m in Sources */,
			);
			runOnlyForDeploymentPostprocessing = 0;
		};
/* End PBXSourcesBuildPhase section */

/* Begin PBXVariantGroup section */
		6F1201801E513D1B00EA2198 /* Main.storyboard */ = {
			isa = PBXVariantGroup;
			children = (
				6F1201811E513D1B00EA2198 /* Base */,
			);
			name = Main.storyboard;
			sourceTree = "<group>";
		};
		6F1201851E513D1B00EA2198 /* LaunchScreen.storyboard */ = {
			isa = PBXVariantGroup;
			children = (
				6F1201861E513D1B00EA2198 /* Base */,
			);
			name = LaunchScreen.storyboard;
			sourceTree = "<group>";
		};
/* End PBXVariantGroup section */

/* Begin XCBuildConfiguration section */
		6F1201891E513D1B00EA2198 /* Debug */ = {
			isa = XCBuildConfiguration;
			buildSettings = {
				ALWAYS_SEARCH_USER_PATHS = NO;
				CLANG_ANALYZER_NONNULL = YES;
				CLANG_CXX_LANGUAGE_STANDARD = "gnu++0x";
				CLANG_CXX_LIBRARY = "libc++";
				CLANG_ENABLE_MODULES = YES;
				CLANG_ENABLE_OBJC_ARC = YES;
				CLANG_WARN_BOOL_CONVERSION = YES;
				CLANG_WARN_CONSTANT_CONVERSION = YES;
				CLANG_WARN_DIRECT_OBJC_ISA_USAGE = YES_ERROR;
				CLANG_WARN_DOCUMENTATION_COMMENTS = YES;
				CLANG_WARN_EMPTY_BODY = YES;
				CLANG_WARN_ENUM_CONVERSION = YES;
				CLANG_WARN_INFINITE_RECURSION = YES;
				CLANG_WARN_INT_CONVERSION = YES;
				CLANG_WARN_OBJC_ROOT_CLASS = YES_ERROR;
				CLANG_WARN_SUSPICIOUS_MOVE = YES;
				CLANG_WARN_UNREACHABLE_CODE = YES;
				CLANG_WARN__DUPLICATE_METHOD_MATCH = YES;
				"CODE_SIGN_IDENTITY[sdk=iphoneos*]" = "iPhone Developer";
				COPY_PHASE_STRIP = NO;
				DEBUG_INFORMATION_FORMAT = dwarf;
				ENABLE_STRICT_OBJC_MSGSEND = YES;
				ENABLE_TESTABILITY = YES;
				GCC_C_LANGUAGE_STANDARD = gnu99;
				GCC_DYNAMIC_NO_PIC = NO;
				GCC_NO_COMMON_BLOCKS = YES;
				GCC_OPTIMIZATION_LEVEL = 0;
				GCC_PREPROCESSOR_DEFINITIONS = (
					"DEBUG=1",
					"$(inherited)",
				);
				GCC_WARN_64_TO_32_BIT_CONVERSION = YES;
				GCC_WARN_ABOUT_RETURN_TYPE = YES_ERROR;
				GCC_WARN_UNDECLARED_SELECTOR = YES;
				GCC_WARN_UNINITIALIZED_AUTOS = YES_AGGRESSIVE;
				GCC_WARN_UNUSED_FUNCTION = YES;
				GCC_WARN_UNUSED_VARIABLE = YES;
				IPHONEOS_DEPLOYMENT_TARGET = 7.0;
				MTL_ENABLE_DEBUG_INFO = YES;
				ONLY_ACTIVE_ARCH = YES;
				SDKROOT = iphoneos;
			};
			name = Debug;
		};
		6F12018A1E513D1B00EA2198 /* Release */ = {
			isa = XCBuildConfiguration;
			buildSettings = {
				ALWAYS_SEARCH_USER_PATHS = NO;
				CLANG_ANALYZER_NONNULL = YES;
				CLANG_CXX_LANGUAGE_STANDARD = "gnu++0x";
				CLANG_CXX_LIBRARY = "libc++";
				CLANG_ENABLE_MODULES = YES;
				CLANG_ENABLE_OBJC_ARC = YES;
				CLANG_WARN_BOOL_CONVERSION = YES;
				CLANG_WARN_CONSTANT_CONVERSION = YES;
				CLANG_WARN_DIRECT_OBJC_ISA_USAGE = YES_ERROR;
				CLANG_WARN_DOCUMENTATION_COMMENTS = YES;
				CLANG_WARN_EMPTY_BODY = YES;
				CLANG_WARN_ENUM_CONVERSION = YES;
				CLANG_WARN_INFINITE_RECURSION = YES;
				CLANG_WARN_INT_CONVERSION = YES;
				CLANG_WARN_OBJC_ROOT_CLASS = YES_ERROR;
				CLANG_WARN_SUSPICIOUS_MOVE = YES;
				CLANG_WARN_UNREACHABLE_CODE = YES;
				CLANG_WARN__DUPLICATE_METHOD_MATCH = YES;
				"CODE_SIGN_IDENTITY[sdk=iphoneos*]" = "iPhone Developer";
				COPY_PHASE_STRIP = NO;
				DEBUG_INFORMATION_FORMAT = "dwarf-with-dsym";
				ENABLE_NS_ASSERTIONS = NO;
				ENABLE_STRICT_OBJC_MSGSEND = YES;
				GCC_C_LANGUAGE_STANDARD = gnu99;
				GCC_NO_COMMON_BLOCKS = YES;
				GCC_WARN_64_TO_32_BIT_CONVERSION = YES;
				GCC_WARN_ABOUT_RETURN_TYPE = YES_ERROR;
				GCC_WARN_UNDECLARED_SELECTOR = YES;
				GCC_WARN_UNINITIALIZED_AUTOS = YES_AGGRESSIVE;
				GCC_WARN_UNUSED_FUNCTION = YES;
				GCC_WARN_UNUSED_VARIABLE = YES;
				IPHONEOS_DEPLOYMENT_TARGET = 7.0;
				MTL_ENABLE_DEBUG_INFO = NO;
				SDKROOT = iphoneos;
				VALIDATE_PRODUCT = YES;
			};
			name = Release;
		};
		6F12018C1E513D1B00EA2198 /* Debug */ = {
			isa = XCBuildConfiguration;
			buildSettings = {
				ASSETCATALOG_COMPILER_APPICON_NAME = AppIcon;
				DEVELOPMENT_TEAM = 3VDRUN62M8;
				INFOPLIST_FILE = LFImagePickerController/Info.plist;
				LD_RUNPATH_SEARCH_PATHS = "$(inherited) @executable_path/Frameworks";
				PRODUCT_BUNDLE_IDENTIFIER = com.lincf0912.LFImagePickerController;
				PRODUCT_NAME = "$(TARGET_NAME)";
			};
			name = Debug;
		};
		6F12018D1E513D1B00EA2198 /* Release */ = {
			isa = XCBuildConfiguration;
			buildSettings = {
				ASSETCATALOG_COMPILER_APPICON_NAME = AppIcon;
				DEVELOPMENT_TEAM = 3VDRUN62M8;
				INFOPLIST_FILE = LFImagePickerController/Info.plist;
				LD_RUNPATH_SEARCH_PATHS = "$(inherited) @executable_path/Frameworks";
				PRODUCT_BUNDLE_IDENTIFIER = com.lincf0912.LFImagePickerController;
				PRODUCT_NAME = "$(TARGET_NAME)";
			};
			name = Release;
		};
/* End XCBuildConfiguration section */

/* Begin XCConfigurationList section */
		6F12016F1E513D1B00EA2198 /* Build configuration list for PBXProject "LFImagePickerController" */ = {
			isa = XCConfigurationList;
			buildConfigurations = (
				6F1201891E513D1B00EA2198 /* Debug */,
				6F12018A1E513D1B00EA2198 /* Release */,
			);
			defaultConfigurationIsVisible = 0;
			defaultConfigurationName = Release;
		};
		6F12018B1E513D1B00EA2198 /* Build configuration list for PBXNativeTarget "LFImagePickerController" */ = {
			isa = XCConfigurationList;
			buildConfigurations = (
				6F12018C1E513D1B00EA2198 /* Debug */,
				6F12018D1E513D1B00EA2198 /* Release */,
			);
			defaultConfigurationIsVisible = 0;
			defaultConfigurationName = Release;
		};
/* End XCConfigurationList section */
	};
	rootObject = 6F12016C1E513D1B00EA2198 /* Project object */;
}
