// !$*UTF8*$!
{
	archiveVersion = 1;
	classes = {
	};
	objectVersion = 46;
	objects = {

/* Begin PBXBuildFile section */
		6F0480181E7A6018004F20B4 /* LFZoomingView.m in Sources */ = {isa = PBXBuildFile; fileRef = 6F0480171E7A6018004F20B4 /* LFZoomingView.m */; };
		6F1201791E513D1B00EA2198 /* main.m in Sources */ = {isa = PBXBuildFile; fileRef = 6F1201781E513D1B00EA2198 /* main.m */; };
		6F12017C1E513D1B00EA2198 /* AppDelegate.m in Sources */ = {isa = PBXBuildFile; fileRef = 6F12017B1E513D1B00EA2198 /* AppDelegate.m */; };
		6F12017F1E513D1B00EA2198 /* ViewController.m in Sources */ = {isa = PBXBuildFile; fileRef = 6F12017E1E513D1B00EA2198 /* ViewController.m */; };
		6F1201821E513D1B00EA2198 /* Main.storyboard in Resources */ = {isa = PBXBuildFile; fileRef = 6F1201801E513D1B00EA2198 /* Main.storyboard */; };
		6F1201841E513D1B00EA2198 /* Assets.xcassets in Resources */ = {isa = PBXBuildFile; fileRef = 6F1201831E513D1B00EA2198 /* Assets.xcassets */; };
		6F1201871E513D1B00EA2198 /* LaunchScreen.storyboard in Resources */ = {isa = PBXBuildFile; fileRef = 6F1201851E513D1B00EA2198 /* LaunchScreen.storyboard */; };
		6F1201951E513E5500EA2198 /* LFAsset.m in Sources */ = {isa = PBXBuildFile; fileRef = 6F1201941E513E5500EA2198 /* LFAsset.m */; };
		6F12019A1E513ECD00EA2198 /* LFAssetCell.m in Sources */ = {isa = PBXBuildFile; fileRef = 6F1201991E513ECD00EA2198 /* LFAssetCell.m */; };
		6F12019D1E513EE100EA2198 /* LFAlbumCell.m in Sources */ = {isa = PBXBuildFile; fileRef = 6F12019C1E513EE100EA2198 /* LFAlbumCell.m */; };
		6F1201A01E513FB100EA2198 /* LFAssetManager.m in Sources */ = {isa = PBXBuildFile; fileRef = 6F12019F1E513FB100EA2198 /* LFAssetManager.m */; };
		6F1201A61E51404400EA2198 /* LFImagePickerController.bundle in Resources */ = {isa = PBXBuildFile; fileRef = 6F1201A51E51404400EA2198 /* LFImagePickerController.bundle */; };
		6F1201A91E5140C900EA2198 /* LFImagePickerController.m in Sources */ = {isa = PBXBuildFile; fileRef = 6F1201A81E5140C900EA2198 /* LFImagePickerController.m */; };
		6F1201AD1E514F9D00EA2198 /* LFAlbum.m in Sources */ = {isa = PBXBuildFile; fileRef = 6F1201AC1E514F9D00EA2198 /* LFAlbum.m */; };
		6F1201B01E51520400EA2198 /* LFAssetManager+Authorization.m in Sources */ = {isa = PBXBuildFile; fileRef = 6F1201AF1E51520400EA2198 /* LFAssetManager+Authorization.m */; };
		6F1201BF1E5183E000EA2198 /* LFPhotoPickerController.m in Sources */ = {isa = PBXBuildFile; fileRef = 6F1201BE1E5183E000EA2198 /* LFPhotoPickerController.m */; };
		6F1201C21E51884B00EA2198 /* LFLayoutPickerController.m in Sources */ = {isa = PBXBuildFile; fileRef = 6F1201C11E51884B00EA2198 /* LFLayoutPickerController.m */; };
		6F1201C51E518EBE00EA2198 /* LFAlbumPickerController.m in Sources */ = {isa = PBXBuildFile; fileRef = 6F1201C41E518EBE00EA2198 /* LFAlbumPickerController.m */; };
		6F1201E51E519E8300EA2198 /* UIAlertView+LF_Block.m in Sources */ = {isa = PBXBuildFile; fileRef = 6F1201D81E519E8300EA2198 /* UIAlertView+LF_Block.m */; };
		6F1201E61E519E8300EA2198 /* UIImage+LF_ImageCompress.m in Sources */ = {isa = PBXBuildFile; fileRef = 6F1201DA1E519E8300EA2198 /* UIImage+LF_ImageCompress.m */; };
		6F1201E71E519E8300EA2198 /* UIView+LFAnimate.m in Sources */ = {isa = PBXBuildFile; fileRef = 6F1201DC1E519E8300EA2198 /* UIView+LFAnimate.m */; };
		6F1201E81E519E8300EA2198 /* UIView+LFFrame.m in Sources */ = {isa = PBXBuildFile; fileRef = 6F1201DE1E519E8300EA2198 /* UIView+LFFrame.m */; };
		6F1201E91E519E8300EA2198 /* LF_FileUtility.m in Sources */ = {isa = PBXBuildFile; fileRef = 6F1201E11E519E8300EA2198 /* LF_FileUtility.m */; };
		6F1201EA1E519E8300EA2198 /* LF_VideoUtils.m in Sources */ = {isa = PBXBuildFile; fileRef = 6F1201E41E519E8300EA2198 /* LF_VideoUtils.m */; };
		6F1201ED1E51A06D00EA2198 /* UIImage+LFCommon.m in Sources */ = {isa = PBXBuildFile; fileRef = 6F1201EC1E51A06D00EA2198 /* UIImage+LFCommon.m */; };
		6F1201F01E51A6EA00EA2198 /* LFPhotoPreviewController.m in Sources */ = {isa = PBXBuildFile; fileRef = 6F1201EF1E51A6EA00EA2198 /* LFPhotoPreviewController.m */; };
		6F1201F31E51AE2E00EA2198 /* LFVideoPlayerController.m in Sources */ = {isa = PBXBuildFile; fileRef = 6F1201F21E51AE2E00EA2198 /* LFVideoPlayerController.m */; };
		6F16C58C1E80F42300B251A0 /* LFEditToolbar.m in Sources */ = {isa = PBXBuildFile; fileRef = 6F16C58B1E80F42300B251A0 /* LFEditToolbar.m */; };
		6F16C5911E80F4D300B251A0 /* LFStickerBar.m in Sources */ = {isa = PBXBuildFile; fileRef = 6F16C5901E80F4D300B251A0 /* LFStickerBar.m */; };
		6F16C5941E8205C000B251A0 /* LFTextBar.m in Sources */ = {isa = PBXBuildFile; fileRef = 6F16C5931E8205C000B251A0 /* LFTextBar.m */; };
		6F16C5971E8224EF00B251A0 /* LFBaseViewController.m in Sources */ = {isa = PBXBuildFile; fileRef = 6F16C5961E8224EF00B251A0 /* LFBaseViewController.m */; };
		6F2EEAF31E52F4A500765689 /* LFPhotoPreviewCell.m in Sources */ = {isa = PBXBuildFile; fileRef = 6F2EEAF21E52F4A500765689 /* LFPhotoPreviewCell.m */; };
		6F3DC4761E8A59BC00BF623E /* LFColorSlider.m in Sources */ = {isa = PBXBuildFile; fileRef = 6F3DC4751E8A59BC00BF623E /* LFColorSlider.m */; };
		6F552A791E94F67700AC362C /* LFText.m in Sources */ = {isa = PBXBuildFile; fileRef = 6F552A781E94F67700AC362C /* LFText.m */; };
		6F552A7C1E95DFFE00AC362C /* NSString+LFCoreText.m in Sources */ = {isa = PBXBuildFile; fileRef = 6F552A7B1E95DFFE00AC362C /* NSString+LFCoreText.m */; };
		6F552A7F1E95E1B600AC362C /* LFStickerLabel.m in Sources */ = {isa = PBXBuildFile; fileRef = 6F552A7E1E95E1B600AC362C /* LFStickerLabel.m */; };
		6F552A821E961C8400AC362C /* 1.jpeg in Resources */ = {isa = PBXBuildFile; fileRef = 6F552A801E961C8400AC362C /* 1.jpeg */; };
		6F552A831E961C8400AC362C /* 2.jpeg in Resources */ = {isa = PBXBuildFile; fileRef = 6F552A811E961C8400AC362C /* 2.jpeg */; };
		6F74DC981E85147A00170A95 /* LFAssetManager+SaveAlbum.m in Sources */ = {isa = PBXBuildFile; fileRef = 6F74DC971E85147A00170A95 /* LFAssetManager+SaveAlbum.m */; };
		6F796D871EB2032000CECB02 /* JRPickColorView.m in Sources */ = {isa = PBXBuildFile; fileRef = 6F796D861EB2032000CECB02 /* JRPickColorView.m */; };
		6F9DDCF31EB075E100CDAD13 /* UIDevice+LFOrientation.m in Sources */ = {isa = PBXBuildFile; fileRef = 6F9DDCF21EB075E100CDAD13 /* UIDevice+LFOrientation.m */; };
		6F9DF07F1E9F6E0E002C41BB /* LFClipToolbar.m in Sources */ = {isa = PBXBuildFile; fileRef = 6F9DF07E1E9F6E0E002C41BB /* LFClipToolbar.m */; };
		6FA36E511EB9DC700009E2DE /* UIImage+LF_Format.m in Sources */ = {isa = PBXBuildFile; fileRef = 6FA36E501EB9DC700009E2DE /* UIImage+LF_Format.m */; };
		6FA8E2B91E7BC5060033B83F /* LFPhotoEdit.m in Sources */ = {isa = PBXBuildFile; fileRef = 6FA8E2B81E7BC5060033B83F /* LFPhotoEdit.m */; };
		6FE453981E762C5200AE9EAF /* LFScrollView.m in Sources */ = {isa = PBXBuildFile; fileRef = 6FE453971E762C5200AE9EAF /* LFScrollView.m */; };
		6FE4539E1E7631BF00AE9EAF /* LFClippingView.m in Sources */ = {isa = PBXBuildFile; fileRef = 6FE4539D1E7631BF00AE9EAF /* LFClippingView.m */; };
		6FF286051E5D6D4F0008FB5B /* LFPhotoEdittingController.m in Sources */ = {isa = PBXBuildFile; fileRef = 6FF286041E5D6D4F0008FB5B /* LFPhotoEdittingController.m */; };
		6FF286121E5EB9AD0008FB5B /* UIView+LFCommon.m in Sources */ = {isa = PBXBuildFile; fileRef = 6FF286111E5EB9AD0008FB5B /* UIView+LFCommon.m */; };
		6FF286181E5EDA510008FB5B /* LFPhotoEditManager.m in Sources */ = {isa = PBXBuildFile; fileRef = 6FF286171E5EDA510008FB5B /* LFPhotoEditManager.m */; };
		6FF2861C1E5FFF170008FB5B /* LFImagePickerHeader.m in Sources */ = {isa = PBXBuildFile; fileRef = 6FF2861B1E5FFF170008FB5B /* LFImagePickerHeader.m */; };
		6FFD83201E713B5B005F3FFC /* LFGridLayer.m in Sources */ = {isa = PBXBuildFile; fileRef = 6FFD83111E713B5B005F3FFC /* LFGridLayer.m */; };
		6FFD83211E713B5B005F3FFC /* LFGridMaskLayer.m in Sources */ = {isa = PBXBuildFile; fileRef = 6FFD83131E713B5B005F3FFC /* LFGridMaskLayer.m */; };
		6FFD83221E713B5B005F3FFC /* LFGridView.m in Sources */ = {isa = PBXBuildFile; fileRef = 6FFD83151E713B5B005F3FFC /* LFGridView.m */; };
		6FFD83231E713B5B005F3FFC /* LFResizeControl.m in Sources */ = {isa = PBXBuildFile; fileRef = 6FFD83171E713B5B005F3FFC /* LFResizeControl.m */; };
		6FFD83251E713B5B005F3FFC /* LFMaskLayer.m in Sources */ = {isa = PBXBuildFile; fileRef = 6FFD831C1E713B5B005F3FFC /* LFMaskLayer.m */; };
		6FFD83261E713B5B005F3FFC /* LFMovingView.m in Sources */ = {isa = PBXBuildFile; fileRef = 6FFD831F1E713B5B005F3FFC /* LFMovingView.m */; };
		6FFD83581E7235D5005F3FFC /* LFDrawView.m in Sources */ = {isa = PBXBuildFile; fileRef = 6FFD83521E7235D5005F3FFC /* LFDrawView.m */; };
		6FFD83591E7235D5005F3FFC /* LFSplashView.m in Sources */ = {isa = PBXBuildFile; fileRef = 6FFD83541E7235D5005F3FFC /* LFSplashView.m */; };
		6FFD835A1E7235D5005F3FFC /* LFStickerView.m in Sources */ = {isa = PBXBuildFile; fileRef = 6FFD83561E7235D5005F3FFC /* LFStickerView.m */; };
		6FFD83861E723A3F005F3FFC /* LFEdittingView.m in Sources */ = {isa = PBXBuildFile; fileRef = 6FFD83851E723A3F005F3FFC /* LFEdittingView.m */; };
/* End PBXBuildFile section */

/* Begin PBXFileReference section */
		6F0480011E7785CD004F20B4 /* LFImagePickerType.h */ = {isa = PBXFileReference; lastKnownFileType = sourcecode.c.h; path = LFImagePickerType.h; sourceTree = "<group>"; };
		6F0480161E7A6018004F20B4 /* LFZoomingView.h */ = {isa = PBXFileReference; fileEncoding = 4; lastKnownFileType = sourcecode.c.h; path = LFZoomingView.h; sourceTree = "<group>"; };
		6F0480171E7A6018004F20B4 /* LFZoomingView.m */ = {isa = PBXFileReference; fileEncoding = 4; lastKnownFileType = sourcecode.c.objc; path = LFZoomingView.m; sourceTree = "<group>"; };
		6F1201741E513D1B00EA2198 /* LFImagePickerController.app */ = {isa = PBXFileReference; explicitFileType = wrapper.application; includeInIndex = 0; path = LFImagePickerController.app; sourceTree = BUILT_PRODUCTS_DIR; };
		6F1201781E513D1B00EA2198 /* main.m */ = {isa = PBXFileReference; lastKnownFileType = sourcecode.c.objc; path = main.m; sourceTree = "<group>"; };
		6F12017A1E513D1B00EA2198 /* AppDelegate.h */ = {isa = PBXFileReference; lastKnownFileType = sourcecode.c.h; path = AppDelegate.h; sourceTree = "<group>"; };
		6F12017B1E513D1B00EA2198 /* AppDelegate.m */ = {isa = PBXFileReference; lastKnownFileType = sourcecode.c.objc; path = AppDelegate.m; sourceTree = "<group>"; };
		6F12017D1E513D1B00EA2198 /* ViewController.h */ = {isa = PBXFileReference; lastKnownFileType = sourcecode.c.h; path = ViewController.h; sourceTree = "<group>"; };
		6F12017E1E513D1B00EA2198 /* ViewController.m */ = {isa = PBXFileReference; lastKnownFileType = sourcecode.c.objc; path = ViewController.m; sourceTree = "<group>"; };
		6F1201811E513D1B00EA2198 /* Base */ = {isa = PBXFileReference; lastKnownFileType = file.storyboard; name = Base; path = Base.lproj/Main.storyboard; sourceTree = "<group>"; };
		6F1201831E513D1B00EA2198 /* Assets.xcassets */ = {isa = PBXFileReference; lastKnownFileType = folder.assetcatalog; path = Assets.xcassets; sourceTree = "<group>"; };
		6F1201861E513D1B00EA2198 /* Base */ = {isa = PBXFileReference; lastKnownFileType = file.storyboard; name = Base; path = Base.lproj/LaunchScreen.storyboard; sourceTree = "<group>"; };
		6F1201881E513D1B00EA2198 /* Info.plist */ = {isa = PBXFileReference; lastKnownFileType = text.plist.xml; path = Info.plist; sourceTree = "<group>"; };
		6F1201931E513E5500EA2198 /* LFAsset.h */ = {isa = PBXFileReference; fileEncoding = 4; lastKnownFileType = sourcecode.c.h; path = LFAsset.h; sourceTree = "<group>"; };
		6F1201941E513E5500EA2198 /* LFAsset.m */ = {isa = PBXFileReference; fileEncoding = 4; lastKnownFileType = sourcecode.c.objc; path = LFAsset.m; sourceTree = "<group>"; };
		6F1201981E513ECD00EA2198 /* LFAssetCell.h */ = {isa = PBXFileReference; fileEncoding = 4; lastKnownFileType = sourcecode.c.h; path = LFAssetCell.h; sourceTree = "<group>"; };
		6F1201991E513ECD00EA2198 /* LFAssetCell.m */ = {isa = PBXFileReference; fileEncoding = 4; lastKnownFileType = sourcecode.c.objc; path = LFAssetCell.m; sourceTree = "<group>"; };
		6F12019B1E513EE100EA2198 /* LFAlbumCell.h */ = {isa = PBXFileReference; fileEncoding = 4; lastKnownFileType = sourcecode.c.h; path = LFAlbumCell.h; sourceTree = "<group>"; };
		6F12019C1E513EE100EA2198 /* LFAlbumCell.m */ = {isa = PBXFileReference; fileEncoding = 4; lastKnownFileType = sourcecode.c.objc; path = LFAlbumCell.m; sourceTree = "<group>"; };
		6F12019E1E513FB100EA2198 /* LFAssetManager.h */ = {isa = PBXFileReference; fileEncoding = 4; lastKnownFileType = sourcecode.c.h; path = LFAssetManager.h; sourceTree = "<group>"; };
		6F12019F1E513FB100EA2198 /* LFAssetManager.m */ = {isa = PBXFileReference; fileEncoding = 4; lastKnownFileType = sourcecode.c.objc; path = LFAssetManager.m; sourceTree = "<group>"; };
		6F1201A51E51404400EA2198 /* LFImagePickerController.bundle */ = {isa = PBXFileReference; lastKnownFileType = "wrapper.plug-in"; path = LFImagePickerController.bundle; sourceTree = "<group>"; };
		6F1201A71E5140C900EA2198 /* LFImagePickerController.h */ = {isa = PBXFileReference; fileEncoding = 4; lastKnownFileType = sourcecode.c.h; path = LFImagePickerController.h; sourceTree = "<group>"; };
		6F1201A81E5140C900EA2198 /* LFImagePickerController.m */ = {isa = PBXFileReference; fileEncoding = 4; lastKnownFileType = sourcecode.c.objc; path = LFImagePickerController.m; sourceTree = "<group>"; };
		6F1201AB1E514F9D00EA2198 /* LFAlbum.h */ = {isa = PBXFileReference; fileEncoding = 4; lastKnownFileType = sourcecode.c.h; path = LFAlbum.h; sourceTree = "<group>"; };
		6F1201AC1E514F9D00EA2198 /* LFAlbum.m */ = {isa = PBXFileReference; fileEncoding = 4; lastKnownFileType = sourcecode.c.objc; path = LFAlbum.m; sourceTree = "<group>"; };
		6F1201AE1E51520400EA2198 /* LFAssetManager+Authorization.h */ = {isa = PBXFileReference; fileEncoding = 4; lastKnownFileType = sourcecode.c.h; path = "LFAssetManager+Authorization.h"; sourceTree = "<group>"; };
		6F1201AF1E51520400EA2198 /* LFAssetManager+Authorization.m */ = {isa = PBXFileReference; fileEncoding = 4; lastKnownFileType = sourcecode.c.objc; path = "LFAssetManager+Authorization.m"; sourceTree = "<group>"; };
		6F1201BD1E5183E000EA2198 /* LFPhotoPickerController.h */ = {isa = PBXFileReference; fileEncoding = 4; lastKnownFileType = sourcecode.c.h; path = LFPhotoPickerController.h; sourceTree = "<group>"; };
		6F1201BE1E5183E000EA2198 /* LFPhotoPickerController.m */ = {isa = PBXFileReference; fileEncoding = 4; lastKnownFileType = sourcecode.c.objc; path = LFPhotoPickerController.m; sourceTree = "<group>"; };
		6F1201C01E51884B00EA2198 /* LFLayoutPickerController.h */ = {isa = PBXFileReference; fileEncoding = 4; lastKnownFileType = sourcecode.c.h; path = LFLayoutPickerController.h; sourceTree = "<group>"; };
		6F1201C11E51884B00EA2198 /* LFLayoutPickerController.m */ = {isa = PBXFileReference; fileEncoding = 4; lastKnownFileType = sourcecode.c.objc; path = LFLayoutPickerController.m; sourceTree = "<group>"; };
		6F1201C31E518EBE00EA2198 /* LFAlbumPickerController.h */ = {isa = PBXFileReference; fileEncoding = 4; lastKnownFileType = sourcecode.c.h; path = LFAlbumPickerController.h; sourceTree = "<group>"; };
		6F1201C41E518EBE00EA2198 /* LFAlbumPickerController.m */ = {isa = PBXFileReference; fileEncoding = 4; lastKnownFileType = sourcecode.c.objc; path = LFAlbumPickerController.m; sourceTree = "<group>"; };
		6F1201D71E519E8300EA2198 /* UIAlertView+LF_Block.h */ = {isa = PBXFileReference; fileEncoding = 4; lastKnownFileType = sourcecode.c.h; path = "UIAlertView+LF_Block.h"; sourceTree = "<group>"; };
		6F1201D81E519E8300EA2198 /* UIAlertView+LF_Block.m */ = {isa = PBXFileReference; fileEncoding = 4; lastKnownFileType = sourcecode.c.objc; path = "UIAlertView+LF_Block.m"; sourceTree = "<group>"; };
		6F1201D91E519E8300EA2198 /* UIImage+LF_ImageCompress.h */ = {isa = PBXFileReference; fileEncoding = 4; lastKnownFileType = sourcecode.c.h; path = "UIImage+LF_ImageCompress.h"; sourceTree = "<group>"; };
		6F1201DA1E519E8300EA2198 /* UIImage+LF_ImageCompress.m */ = {isa = PBXFileReference; fileEncoding = 4; lastKnownFileType = sourcecode.c.objc; path = "UIImage+LF_ImageCompress.m"; sourceTree = "<group>"; };
		6F1201DB1E519E8300EA2198 /* UIView+LFAnimate.h */ = {isa = PBXFileReference; fileEncoding = 4; lastKnownFileType = sourcecode.c.h; path = "UIView+LFAnimate.h"; sourceTree = "<group>"; };
		6F1201DC1E519E8300EA2198 /* UIView+LFAnimate.m */ = {isa = PBXFileReference; fileEncoding = 4; lastKnownFileType = sourcecode.c.objc; path = "UIView+LFAnimate.m"; sourceTree = "<group>"; };
		6F1201DD1E519E8300EA2198 /* UIView+LFFrame.h */ = {isa = PBXFileReference; fileEncoding = 4; lastKnownFileType = sourcecode.c.h; path = "UIView+LFFrame.h"; sourceTree = "<group>"; };
		6F1201DE1E519E8300EA2198 /* UIView+LFFrame.m */ = {isa = PBXFileReference; fileEncoding = 4; lastKnownFileType = sourcecode.c.objc; path = "UIView+LFFrame.m"; sourceTree = "<group>"; };
		6F1201E01E519E8300EA2198 /* LF_FileUtility.h */ = {isa = PBXFileReference; fileEncoding = 4; lastKnownFileType = sourcecode.c.h; path = LF_FileUtility.h; sourceTree = "<group>"; };
		6F1201E11E519E8300EA2198 /* LF_FileUtility.m */ = {isa = PBXFileReference; fileEncoding = 4; lastKnownFileType = sourcecode.c.objc; path = LF_FileUtility.m; sourceTree = "<group>"; };
		6F1201E31E519E8300EA2198 /* LF_VideoUtils.h */ = {isa = PBXFileReference; fileEncoding = 4; lastKnownFileType = sourcecode.c.h; path = LF_VideoUtils.h; sourceTree = "<group>"; };
		6F1201E41E519E8300EA2198 /* LF_VideoUtils.m */ = {isa = PBXFileReference; fileEncoding = 4; lastKnownFileType = sourcecode.c.objc; path = LF_VideoUtils.m; sourceTree = "<group>"; };
		6F1201EB1E51A06D00EA2198 /* UIImage+LFCommon.h */ = {isa = PBXFileReference; fileEncoding = 4; lastKnownFileType = sourcecode.c.h; path = "UIImage+LFCommon.h"; sourceTree = "<group>"; };
		6F1201EC1E51A06D00EA2198 /* UIImage+LFCommon.m */ = {isa = PBXFileReference; fileEncoding = 4; lastKnownFileType = sourcecode.c.objc; path = "UIImage+LFCommon.m"; sourceTree = "<group>"; };
		6F1201EE1E51A6EA00EA2198 /* LFPhotoPreviewController.h */ = {isa = PBXFileReference; fileEncoding = 4; lastKnownFileType = sourcecode.c.h; path = LFPhotoPreviewController.h; sourceTree = "<group>"; };
		6F1201EF1E51A6EA00EA2198 /* LFPhotoPreviewController.m */ = {isa = PBXFileReference; fileEncoding = 4; lastKnownFileType = sourcecode.c.objc; path = LFPhotoPreviewController.m; sourceTree = "<group>"; };
		6F1201F11E51AE2E00EA2198 /* LFVideoPlayerController.h */ = {isa = PBXFileReference; fileEncoding = 4; lastKnownFileType = sourcecode.c.h; path = LFVideoPlayerController.h; sourceTree = "<group>"; };
		6F1201F21E51AE2E00EA2198 /* LFVideoPlayerController.m */ = {isa = PBXFileReference; fileEncoding = 4; lastKnownFileType = sourcecode.c.objc; path = LFVideoPlayerController.m; sourceTree = "<group>"; };
		6F16C58A1E80F42300B251A0 /* LFEditToolbar.h */ = {isa = PBXFileReference; fileEncoding = 4; lastKnownFileType = sourcecode.c.h; path = LFEditToolbar.h; sourceTree = "<group>"; };
		6F16C58B1E80F42300B251A0 /* LFEditToolbar.m */ = {isa = PBXFileReference; fileEncoding = 4; lastKnownFileType = sourcecode.c.objc; path = LFEditToolbar.m; sourceTree = "<group>"; };
		6F16C58D1E80F43900B251A0 /* LFEdittingProtocol.h */ = {isa = PBXFileReference; fileEncoding = 4; lastKnownFileType = sourcecode.c.h; path = LFEdittingProtocol.h; sourceTree = "<group>"; };
		6F16C58E1E80F43900B251A0 /* LFPhotoEditDelegate.h */ = {isa = PBXFileReference; fileEncoding = 4; lastKnownFileType = sourcecode.c.h; path = LFPhotoEditDelegate.h; sourceTree = "<group>"; };
		6F16C58F1E80F4D300B251A0 /* LFStickerBar.h */ = {isa = PBXFileReference; fileEncoding = 4; lastKnownFileType = sourcecode.c.h; path = LFStickerBar.h; sourceTree = "<group>"; };
		6F16C5901E80F4D300B251A0 /* LFStickerBar.m */ = {isa = PBXFileReference; fileEncoding = 4; lastKnownFileType = sourcecode.c.objc; path = LFStickerBar.m; sourceTree = "<group>"; };
		6F16C5921E8205C000B251A0 /* LFTextBar.h */ = {isa = PBXFileReference; fileEncoding = 4; lastKnownFileType = sourcecode.c.h; path = LFTextBar.h; sourceTree = "<group>"; };
		6F16C5931E8205C000B251A0 /* LFTextBar.m */ = {isa = PBXFileReference; fileEncoding = 4; lastKnownFileType = sourcecode.c.objc; path = LFTextBar.m; sourceTree = "<group>"; };
		6F16C5951E8224EF00B251A0 /* LFBaseViewController.h */ = {isa = PBXFileReference; fileEncoding = 4; lastKnownFileType = sourcecode.c.h; path = LFBaseViewController.h; sourceTree = "<group>"; };
		6F16C5961E8224EF00B251A0 /* LFBaseViewController.m */ = {isa = PBXFileReference; fileEncoding = 4; lastKnownFileType = sourcecode.c.objc; path = LFBaseViewController.m; sourceTree = "<group>"; };
		6F2EEAF11E52F4A500765689 /* LFPhotoPreviewCell.h */ = {isa = PBXFileReference; fileEncoding = 4; lastKnownFileType = sourcecode.c.h; path = LFPhotoPreviewCell.h; sourceTree = "<group>"; };
		6F2EEAF21E52F4A500765689 /* LFPhotoPreviewCell.m */ = {isa = PBXFileReference; fileEncoding = 4; lastKnownFileType = sourcecode.c.objc; path = LFPhotoPreviewCell.m; sourceTree = "<group>"; };
		6F3DC4741E8A59BC00BF623E /* LFColorSlider.h */ = {isa = PBXFileReference; fileEncoding = 4; lastKnownFileType = sourcecode.c.h; path = LFColorSlider.h; sourceTree = "<group>"; };
		6F3DC4751E8A59BC00BF623E /* LFColorSlider.m */ = {isa = PBXFileReference; fileEncoding = 4; lastKnownFileType = sourcecode.c.objc; path = LFColorSlider.m; sourceTree = "<group>"; };
		6F552A771E94F67700AC362C /* LFText.h */ = {isa = PBXFileReference; fileEncoding = 4; lastKnownFileType = sourcecode.c.h; path = LFText.h; sourceTree = "<group>"; };
		6F552A781E94F67700AC362C /* LFText.m */ = {isa = PBXFileReference; fileEncoding = 4; lastKnownFileType = sourcecode.c.objc; path = LFText.m; sourceTree = "<group>"; };
		6F552A7A1E95DFFE00AC362C /* NSString+LFCoreText.h */ = {isa = PBXFileReference; fileEncoding = 4; lastKnownFileType = sourcecode.c.h; path = "NSString+LFCoreText.h"; sourceTree = "<group>"; };
		6F552A7B1E95DFFE00AC362C /* NSString+LFCoreText.m */ = {isa = PBXFileReference; fileEncoding = 4; lastKnownFileType = sourcecode.c.objc; path = "NSString+LFCoreText.m"; sourceTree = "<group>"; };
		6F552A7D1E95E1B600AC362C /* LFStickerLabel.h */ = {isa = PBXFileReference; fileEncoding = 4; lastKnownFileType = sourcecode.c.h; path = LFStickerLabel.h; sourceTree = "<group>"; };
		6F552A7E1E95E1B600AC362C /* LFStickerLabel.m */ = {isa = PBXFileReference; fileEncoding = 4; lastKnownFileType = sourcecode.c.objc; path = LFStickerLabel.m; sourceTree = "<group>"; };
		6F552A801E961C8400AC362C /* 1.jpeg */ = {isa = PBXFileReference; lastKnownFileType = image.jpeg; path = 1.jpeg; sourceTree = "<group>"; };
		6F552A811E961C8400AC362C /* 2.jpeg */ = {isa = PBXFileReference; lastKnownFileType = image.jpeg; path = 2.jpeg; sourceTree = "<group>"; };
		6F74DC961E85147A00170A95 /* LFAssetManager+SaveAlbum.h */ = {isa = PBXFileReference; fileEncoding = 4; lastKnownFileType = sourcecode.c.h; path = "LFAssetManager+SaveAlbum.h"; sourceTree = "<group>"; };
		6F74DC971E85147A00170A95 /* LFAssetManager+SaveAlbum.m */ = {isa = PBXFileReference; fileEncoding = 4; lastKnownFileType = sourcecode.c.objc; path = "LFAssetManager+SaveAlbum.m"; sourceTree = "<group>"; };
		6F796D851EB2032000CECB02 /* JRPickColorView.h */ = {isa = PBXFileReference; fileEncoding = 4; lastKnownFileType = sourcecode.c.h; path = JRPickColorView.h; sourceTree = "<group>"; };
		6F796D861EB2032000CECB02 /* JRPickColorView.m */ = {isa = PBXFileReference; fileEncoding = 4; lastKnownFileType = sourcecode.c.objc; path = JRPickColorView.m; sourceTree = "<group>"; };
		6F9DDCF11EB075E100CDAD13 /* UIDevice+LFOrientation.h */ = {isa = PBXFileReference; fileEncoding = 4; lastKnownFileType = sourcecode.c.h; path = "UIDevice+LFOrientation.h"; sourceTree = "<group>"; };
		6F9DDCF21EB075E100CDAD13 /* UIDevice+LFOrientation.m */ = {isa = PBXFileReference; fileEncoding = 4; lastKnownFileType = sourcecode.c.objc; path = "UIDevice+LFOrientation.m"; sourceTree = "<group>"; };
		6F9DF07D1E9F6E0E002C41BB /* LFClipToolbar.h */ = {isa = PBXFileReference; fileEncoding = 4; lastKnownFileType = sourcecode.c.h; path = LFClipToolbar.h; sourceTree = "<group>"; };
		6F9DF07E1E9F6E0E002C41BB /* LFClipToolbar.m */ = {isa = PBXFileReference; fileEncoding = 4; lastKnownFileType = sourcecode.c.objc; path = LFClipToolbar.m; sourceTree = "<group>"; };
		6FA36E4F1EB9DC700009E2DE /* UIImage+LF_Format.h */ = {isa = PBXFileReference; fileEncoding = 4; lastKnownFileType = sourcecode.c.h; path = "UIImage+LF_Format.h"; sourceTree = "<group>"; };
		6FA36E501EB9DC700009E2DE /* UIImage+LF_Format.m */ = {isa = PBXFileReference; fileEncoding = 4; lastKnownFileType = sourcecode.c.objc; path = "UIImage+LF_Format.m"; sourceTree = "<group>"; };
		6FA8E2B71E7BC5060033B83F /* LFPhotoEdit.h */ = {isa = PBXFileReference; fileEncoding = 4; lastKnownFileType = sourcecode.c.h; path = LFPhotoEdit.h; sourceTree = "<group>"; };
		6FA8E2B81E7BC5060033B83F /* LFPhotoEdit.m */ = {isa = PBXFileReference; fileEncoding = 4; lastKnownFileType = sourcecode.c.objc; path = LFPhotoEdit.m; sourceTree = "<group>"; };
		6FA8E2BB1E7BDCA00033B83F /* LFCancelBlock.h */ = {isa = PBXFileReference; lastKnownFileType = sourcecode.c.h; path = LFCancelBlock.h; sourceTree = "<group>"; };
		6FE453961E762C5200AE9EAF /* LFScrollView.h */ = {isa = PBXFileReference; fileEncoding = 4; lastKnownFileType = sourcecode.c.h; path = LFScrollView.h; sourceTree = "<group>"; };
		6FE453971E762C5200AE9EAF /* LFScrollView.m */ = {isa = PBXFileReference; fileEncoding = 4; lastKnownFileType = sourcecode.c.objc; path = LFScrollView.m; sourceTree = "<group>"; };
		6FE4539C1E7631BF00AE9EAF /* LFClippingView.h */ = {isa = PBXFileReference; fileEncoding = 4; lastKnownFileType = sourcecode.c.h; path = LFClippingView.h; sourceTree = "<group>"; };
		6FE4539D1E7631BF00AE9EAF /* LFClippingView.m */ = {isa = PBXFileReference; fileEncoding = 4; lastKnownFileType = sourcecode.c.objc; path = LFClippingView.m; sourceTree = "<group>"; };
		6FF286031E5D6D4F0008FB5B /* LFPhotoEdittingController.h */ = {isa = PBXFileReference; fileEncoding = 4; lastKnownFileType = sourcecode.c.h; path = LFPhotoEdittingController.h; sourceTree = "<group>"; };
		6FF286041E5D6D4F0008FB5B /* LFPhotoEdittingController.m */ = {isa = PBXFileReference; fileEncoding = 4; lastKnownFileType = sourcecode.c.objc; path = LFPhotoEdittingController.m; sourceTree = "<group>"; };
		6FF286101E5EB9AD0008FB5B /* UIView+LFCommon.h */ = {isa = PBXFileReference; fileEncoding = 4; lastKnownFileType = sourcecode.c.h; path = "UIView+LFCommon.h"; sourceTree = "<group>"; };
		6FF286111E5EB9AD0008FB5B /* UIView+LFCommon.m */ = {isa = PBXFileReference; fileEncoding = 4; lastKnownFileType = sourcecode.c.objc; path = "UIView+LFCommon.m"; sourceTree = "<group>"; };
		6FF286161E5EDA510008FB5B /* LFPhotoEditManager.h */ = {isa = PBXFileReference; fileEncoding = 4; lastKnownFileType = sourcecode.c.h; path = LFPhotoEditManager.h; sourceTree = "<group>"; };
		6FF286171E5EDA510008FB5B /* LFPhotoEditManager.m */ = {isa = PBXFileReference; fileEncoding = 4; lastKnownFileType = sourcecode.c.objc; path = LFPhotoEditManager.m; sourceTree = "<group>"; };
		6FF2861A1E5FFF170008FB5B /* LFImagePickerHeader.h */ = {isa = PBXFileReference; fileEncoding = 4; lastKnownFileType = sourcecode.c.h; path = LFImagePickerHeader.h; sourceTree = "<group>"; };
		6FF2861B1E5FFF170008FB5B /* LFImagePickerHeader.m */ = {isa = PBXFileReference; fileEncoding = 4; lastKnownFileType = sourcecode.c.objc; path = LFImagePickerHeader.m; sourceTree = "<group>"; };
		6FFD83101E713B5B005F3FFC /* LFGridLayer.h */ = {isa = PBXFileReference; fileEncoding = 4; lastKnownFileType = sourcecode.c.h; path = LFGridLayer.h; sourceTree = "<group>"; };
		6FFD83111E713B5B005F3FFC /* LFGridLayer.m */ = {isa = PBXFileReference; fileEncoding = 4; lastKnownFileType = sourcecode.c.objc; path = LFGridLayer.m; sourceTree = "<group>"; };
		6FFD83121E713B5B005F3FFC /* LFGridMaskLayer.h */ = {isa = PBXFileReference; fileEncoding = 4; lastKnownFileType = sourcecode.c.h; path = LFGridMaskLayer.h; sourceTree = "<group>"; };
		6FFD83131E713B5B005F3FFC /* LFGridMaskLayer.m */ = {isa = PBXFileReference; fileEncoding = 4; lastKnownFileType = sourcecode.c.objc; path = LFGridMaskLayer.m; sourceTree = "<group>"; };
		6FFD83141E713B5B005F3FFC /* LFGridView.h */ = {isa = PBXFileReference; fileEncoding = 4; lastKnownFileType = sourcecode.c.h; path = LFGridView.h; sourceTree = "<group>"; };
		6FFD83151E713B5B005F3FFC /* LFGridView.m */ = {isa = PBXFileReference; fileEncoding = 4; lastKnownFileType = sourcecode.c.objc; path = LFGridView.m; sourceTree = "<group>"; };
		6FFD83161E713B5B005F3FFC /* LFResizeControl.h */ = {isa = PBXFileReference; fileEncoding = 4; lastKnownFileType = sourcecode.c.h; path = LFResizeControl.h; sourceTree = "<group>"; };
		6FFD83171E713B5B005F3FFC /* LFResizeControl.m */ = {isa = PBXFileReference; fileEncoding = 4; lastKnownFileType = sourcecode.c.objc; path = LFResizeControl.m; sourceTree = "<group>"; };
		6FFD831B1E713B5B005F3FFC /* LFMaskLayer.h */ = {isa = PBXFileReference; fileEncoding = 4; lastKnownFileType = sourcecode.c.h; path = LFMaskLayer.h; sourceTree = "<group>"; };
		6FFD831C1E713B5B005F3FFC /* LFMaskLayer.m */ = {isa = PBXFileReference; fileEncoding = 4; lastKnownFileType = sourcecode.c.objc; path = LFMaskLayer.m; sourceTree = "<group>"; };
		6FFD831E1E713B5B005F3FFC /* LFMovingView.h */ = {isa = PBXFileReference; fileEncoding = 4; lastKnownFileType = sourcecode.c.h; path = LFMovingView.h; sourceTree = "<group>"; };
		6FFD831F1E713B5B005F3FFC /* LFMovingView.m */ = {isa = PBXFileReference; fileEncoding = 4; lastKnownFileType = sourcecode.c.objc; path = LFMovingView.m; sourceTree = "<group>"; };
		6FFD83511E7235D5005F3FFC /* LFDrawView.h */ = {isa = PBXFileReference; fileEncoding = 4; lastKnownFileType = sourcecode.c.h; path = LFDrawView.h; sourceTree = "<group>"; };
		6FFD83521E7235D5005F3FFC /* LFDrawView.m */ = {isa = PBXFileReference; fileEncoding = 4; lastKnownFileType = sourcecode.c.objc; path = LFDrawView.m; sourceTree = "<group>"; };
		6FFD83531E7235D5005F3FFC /* LFSplashView.h */ = {isa = PBXFileReference; fileEncoding = 4; lastKnownFileType = sourcecode.c.h; path = LFSplashView.h; sourceTree = "<group>"; };
		6FFD83541E7235D5005F3FFC /* LFSplashView.m */ = {isa = PBXFileReference; fileEncoding = 4; lastKnownFileType = sourcecode.c.objc; path = LFSplashView.m; sourceTree = "<group>"; };
		6FFD83551E7235D5005F3FFC /* LFStickerView.h */ = {isa = PBXFileReference; fileEncoding = 4; lastKnownFileType = sourcecode.c.h; path = LFStickerView.h; sourceTree = "<group>"; };
		6FFD83561E7235D5005F3FFC /* LFStickerView.m */ = {isa = PBXFileReference; fileEncoding = 4; lastKnownFileType = sourcecode.c.objc; path = LFStickerView.m; sourceTree = "<group>"; };
		6FFD83841E723A3F005F3FFC /* LFEdittingView.h */ = {isa = PBXFileReference; fileEncoding = 4; lastKnownFileType = sourcecode.c.h; path = LFEdittingView.h; sourceTree = "<group>"; };
		6FFD83851E723A3F005F3FFC /* LFEdittingView.m */ = {isa = PBXFileReference; fileEncoding = 4; lastKnownFileType = sourcecode.c.objc; path = LFEdittingView.m; sourceTree = "<group>"; };
/* End PBXFileReference section */

/* Begin PBXFrameworksBuildPhase section */
		6F1201711E513D1B00EA2198 /* Frameworks */ = {
			isa = PBXFrameworksBuildPhase;
			buildActionMask = 2147483647;
			files = (
			);
			runOnlyForDeploymentPostprocessing = 0;
		};
/* End PBXFrameworksBuildPhase section */

/* Begin PBXGroup section */
		6F12016B1E513D1B00EA2198 = {
			isa = PBXGroup;
			children = (
				6F1201761E513D1B00EA2198 /* LFImagePickerController */,
				6F1201751E513D1B00EA2198 /* Products */,
			);
			sourceTree = "<group>";
		};
		6F1201751E513D1B00EA2198 /* Products */ = {
			isa = PBXGroup;
			children = (
				6F1201741E513D1B00EA2198 /* LFImagePickerController.app */,
			);
			name = Products;
			sourceTree = "<group>";
		};
		6F1201761E513D1B00EA2198 /* LFImagePickerController */ = {
			isa = PBXGroup;
			children = (
				6F12018E1E513DF200EA2198 /* class */,
				6F12017A1E513D1B00EA2198 /* AppDelegate.h */,
				6F12017B1E513D1B00EA2198 /* AppDelegate.m */,
				6F12017D1E513D1B00EA2198 /* ViewController.h */,
				6F12017E1E513D1B00EA2198 /* ViewController.m */,
				6F1201801E513D1B00EA2198 /* Main.storyboard */,
				6F1201831E513D1B00EA2198 /* Assets.xcassets */,
				6F1201851E513D1B00EA2198 /* LaunchScreen.storyboard */,
				6F1201881E513D1B00EA2198 /* Info.plist */,
				6F1201771E513D1B00EA2198 /* Supporting Files */,
			);
			path = LFImagePickerController;
			sourceTree = "<group>";
		};
		6F1201771E513D1B00EA2198 /* Supporting Files */ = {
			isa = PBXGroup;
			children = (
				6F552A801E961C8400AC362C /* 1.jpeg */,
				6F552A811E961C8400AC362C /* 2.jpeg */,
				6F1201781E513D1B00EA2198 /* main.m */,
			);
			name = "Supporting Files";
			sourceTree = "<group>";
		};
		6F12018E1E513DF200EA2198 /* class */ = {
			isa = PBXGroup;
			children = (
				6F1201A11E513FCF00EA2198 /* define */,
				6F1201961E513E6600EA2198 /* cell */,
				6F1201971E513E6600EA2198 /* manager */,
				6F1201921E513E5500EA2198 /* model */,
				6FF286091E5E6DC70008FB5B /* view */,
				6F796D831EB2032000CECB02 /* vendors */,
				6F1201B11E517E9D00EA2198 /* utils */,
				6F1201BC1E5183E000EA2198 /* controller */,
				6F1201A71E5140C900EA2198 /* LFImagePickerController.h */,
				6F1201A81E5140C900EA2198 /* LFImagePickerController.m */,
				6F1201C01E51884B00EA2198 /* LFLayoutPickerController.h */,
				6F1201C11E51884B00EA2198 /* LFLayoutPickerController.m */,
				6F1201A51E51404400EA2198 /* LFImagePickerController.bundle */,
			);
			path = class;
			sourceTree = "<group>";
		};
		6F1201921E513E5500EA2198 /* model */ = {
			isa = PBXGroup;
			children = (
				6F1201931E513E5500EA2198 /* LFAsset.h */,
				6F1201941E513E5500EA2198 /* LFAsset.m */,
				6F1201AB1E514F9D00EA2198 /* LFAlbum.h */,
				6F1201AC1E514F9D00EA2198 /* LFAlbum.m */,
				6FA8E2B71E7BC5060033B83F /* LFPhotoEdit.h */,
				6FA8E2B81E7BC5060033B83F /* LFPhotoEdit.m */,
			);
			path = model;
			sourceTree = "<group>";
		};
		6F1201961E513E6600EA2198 /* cell */ = {
			isa = PBXGroup;
			children = (
				6F1201981E513ECD00EA2198 /* LFAssetCell.h */,
				6F1201991E513ECD00EA2198 /* LFAssetCell.m */,
				6F12019B1E513EE100EA2198 /* LFAlbumCell.h */,
				6F12019C1E513EE100EA2198 /* LFAlbumCell.m */,
				6F2EEAF11E52F4A500765689 /* LFPhotoPreviewCell.h */,
				6F2EEAF21E52F4A500765689 /* LFPhotoPreviewCell.m */,
			);
			name = cell;
			path = LFImagePickerController/class/cell;
			sourceTree = SOURCE_ROOT;
		};
		6F1201971E513E6600EA2198 /* manager */ = {
			isa = PBXGroup;
			children = (
				6F12019E1E513FB100EA2198 /* LFAssetManager.h */,
				6F12019F1E513FB100EA2198 /* LFAssetManager.m */,
				6F74DC961E85147A00170A95 /* LFAssetManager+SaveAlbum.h */,
				6F74DC971E85147A00170A95 /* LFAssetManager+SaveAlbum.m */,
				6F1201AE1E51520400EA2198 /* LFAssetManager+Authorization.h */,
				6F1201AF1E51520400EA2198 /* LFAssetManager+Authorization.m */,
				6FF286161E5EDA510008FB5B /* LFPhotoEditManager.h */,
				6FF286171E5EDA510008FB5B /* LFPhotoEditManager.m */,
			);
			name = manager;
			path = LFImagePickerController/class/manager;
			sourceTree = SOURCE_ROOT;
		};
		6F1201A11E513FCF00EA2198 /* define */ = {
			isa = PBXGroup;
			children = (
				6FF2861A1E5FFF170008FB5B /* LFImagePickerHeader.h */,
				6FF2861B1E5FFF170008FB5B /* LFImagePickerHeader.m */,
				6F0480011E7785CD004F20B4 /* LFImagePickerType.h */,
			);
			path = define;
			sourceTree = "<group>";
		};
		6F1201B11E517E9D00EA2198 /* utils */ = {
			isa = PBXGroup;
			children = (
				6FA8E2BA1E7BDC730033B83F /* CancelBlock */,
				6F1201D61E519E8300EA2198 /* Category */,
				6F1201DF1E519E8300EA2198 /* FileUtils */,
				6F1201E21E519E8300EA2198 /* VideoUtils */,
			);
			path = utils;
			sourceTree = "<group>";
		};
		6F1201BC1E5183E000EA2198 /* controller */ = {
			isa = PBXGroup;
			children = (
				6F16C5951E8224EF00B251A0 /* LFBaseViewController.h */,
				6F16C5961E8224EF00B251A0 /* LFBaseViewController.m */,
				6F1201C31E518EBE00EA2198 /* LFAlbumPickerController.h */,
				6F1201C41E518EBE00EA2198 /* LFAlbumPickerController.m */,
				6F1201BD1E5183E000EA2198 /* LFPhotoPickerController.h */,
				6F1201BE1E5183E000EA2198 /* LFPhotoPickerController.m */,
				6F1201EE1E51A6EA00EA2198 /* LFPhotoPreviewController.h */,
				6F1201EF1E51A6EA00EA2198 /* LFPhotoPreviewController.m */,
				6FF286031E5D6D4F0008FB5B /* LFPhotoEdittingController.h */,
				6FF286041E5D6D4F0008FB5B /* LFPhotoEdittingController.m */,
				6F1201F11E51AE2E00EA2198 /* LFVideoPlayerController.h */,
				6F1201F21E51AE2E00EA2198 /* LFVideoPlayerController.m */,
			);
			path = controller;
			sourceTree = "<group>";
		};
		6F1201D61E519E8300EA2198 /* Category */ = {
			isa = PBXGroup;
			children = (
				6F552A7A1E95DFFE00AC362C /* NSString+LFCoreText.h */,
				6F552A7B1E95DFFE00AC362C /* NSString+LFCoreText.m */,
				6F1201D71E519E8300EA2198 /* UIAlertView+LF_Block.h */,
				6F1201D81E519E8300EA2198 /* UIAlertView+LF_Block.m */,
				6F1201D91E519E8300EA2198 /* UIImage+LF_ImageCompress.h */,
				6F1201DA1E519E8300EA2198 /* UIImage+LF_ImageCompress.m */,
				6F1201DB1E519E8300EA2198 /* UIView+LFAnimate.h */,
				6F1201DC1E519E8300EA2198 /* UIView+LFAnimate.m */,
				6F1201DD1E519E8300EA2198 /* UIView+LFFrame.h */,
				6F1201DE1E519E8300EA2198 /* UIView+LFFrame.m */,
				6F1201EB1E51A06D00EA2198 /* UIImage+LFCommon.h */,
				6F1201EC1E51A06D00EA2198 /* UIImage+LFCommon.m */,
				6FF286101E5EB9AD0008FB5B /* UIView+LFCommon.h */,
				6FF286111E5EB9AD0008FB5B /* UIView+LFCommon.m */,
				6F9DDCF11EB075E100CDAD13 /* UIDevice+LFOrientation.h */,
				6F9DDCF21EB075E100CDAD13 /* UIDevice+LFOrientation.m */,
				6FA36E4F1EB9DC700009E2DE /* UIImage+LF_Format.h */,
				6FA36E501EB9DC700009E2DE /* UIImage+LF_Format.m */,
			);
			path = Category;
			sourceTree = "<group>";
		};
		6F1201DF1E519E8300EA2198 /* FileUtils */ = {
			isa = PBXGroup;
			children = (
				6F1201E01E519E8300EA2198 /* LF_FileUtility.h */,
				6F1201E11E519E8300EA2198 /* LF_FileUtility.m */,
			);
			path = FileUtils;
			sourceTree = "<group>";
		};
		6F1201E21E519E8300EA2198 /* VideoUtils */ = {
			isa = PBXGroup;
			children = (
				6F1201E31E519E8300EA2198 /* LF_VideoUtils.h */,
				6F1201E41E519E8300EA2198 /* LF_VideoUtils.m */,
			);
			path = VideoUtils;
			sourceTree = "<group>";
		};
		6F16C5891E80F42300B251A0 /* toolBar */ = {
			isa = PBXGroup;
			children = (
				6F16C58A1E80F42300B251A0 /* LFEditToolbar.h */,
				6F16C58B1E80F42300B251A0 /* LFEditToolbar.m */,
				6F16C58F1E80F4D300B251A0 /* LFStickerBar.h */,
				6F16C5901E80F4D300B251A0 /* LFStickerBar.m */,
				6F16C5921E8205C000B251A0 /* LFTextBar.h */,
				6F16C5931E8205C000B251A0 /* LFTextBar.m */,
				6F3DC4741E8A59BC00BF623E /* LFColorSlider.h */,
				6F3DC4751E8A59BC00BF623E /* LFColorSlider.m */,
				6F9DF07D1E9F6E0E002C41BB /* LFClipToolbar.h */,
				6F9DF07E1E9F6E0E002C41BB /* LFClipToolbar.m */,
			);
			path = toolBar;
			sourceTree = "<group>";
		};
		6F552A761E94F64F00AC362C /* model */ = {
			isa = PBXGroup;
			children = (
				6F552A771E94F67700AC362C /* LFText.h */,
				6F552A781E94F67700AC362C /* LFText.m */,
			);
			path = model;
			sourceTree = "<group>";
		};
		6F796D831EB2032000CECB02 /* vendors */ = {
			isa = PBXGroup;
			children = (
				6F796D841EB2032000CECB02 /* JRPickColorView */,
			);
			path = vendors;
			sourceTree = "<group>";
		};
		6F796D841EB2032000CECB02 /* JRPickColorView */ = {
			isa = PBXGroup;
			children = (
				6F796D851EB2032000CECB02 /* JRPickColorView.h */,
				6F796D861EB2032000CECB02 /* JRPickColorView.m */,
			);
			path = JRPickColorView;
			sourceTree = "<group>";
		};
		6FA8E2BA1E7BDC730033B83F /* CancelBlock */ = {
			isa = PBXGroup;
			children = (
				6FA8E2BB1E7BDCA00033B83F /* LFCancelBlock.h */,
			);
			path = CancelBlock;
			sourceTree = "<group>";
		};
		6FF286091E5E6DC70008FB5B /* view */ = {
			isa = PBXGroup;
			children = (
				6FE453961E762C5200AE9EAF /* LFScrollView.h */,
				6FE453971E762C5200AE9EAF /* LFScrollView.m */,
				6FFD83841E723A3F005F3FFC /* LFEdittingView.h */,
				6FFD83851E723A3F005F3FFC /* LFEdittingView.m */,
				6FE4539C1E7631BF00AE9EAF /* LFClippingView.h */,
				6FE4539D1E7631BF00AE9EAF /* LFClippingView.m */,
				6F0480161E7A6018004F20B4 /* LFZoomingView.h */,
				6F0480171E7A6018004F20B4 /* LFZoomingView.m */,
				6F552A761E94F64F00AC362C /* model */,
				6FFD834E1E7235D5005F3FFC /* subView */,
				6FF286201E6013F50008FB5B /* other */,
				6F16C5891E80F42300B251A0 /* toolBar */,
			);
			path = view;
			sourceTree = "<group>";
		};
		6FF286201E6013F50008FB5B /* other */ = {
			isa = PBXGroup;
			children = (
				6F16C58D1E80F43900B251A0 /* LFEdittingProtocol.h */,
				6F16C58E1E80F43900B251A0 /* LFPhotoEditDelegate.h */,
				6FFD830F1E713B5B005F3FFC /* clipping */,
				6FFD831A1E713B5B005F3FFC /* splash */,
				6FFD831D1E713B5B005F3FFC /* sticker */,
			);
			path = other;
			sourceTree = "<group>";
		};
		6FFD830F1E713B5B005F3FFC /* clipping */ = {
			isa = PBXGroup;
			children = (
				6FFD83101E713B5B005F3FFC /* LFGridLayer.h */,
				6FFD83111E713B5B005F3FFC /* LFGridLayer.m */,
				6FFD83121E713B5B005F3FFC /* LFGridMaskLayer.h */,
				6FFD83131E713B5B005F3FFC /* LFGridMaskLayer.m */,
				6FFD83141E713B5B005F3FFC /* LFGridView.h */,
				6FFD83151E713B5B005F3FFC /* LFGridView.m */,
				6FFD83161E713B5B005F3FFC /* LFResizeControl.h */,
				6FFD83171E713B5B005F3FFC /* LFResizeControl.m */,
			);
			path = clipping;
			sourceTree = "<group>";
		};
		6FFD831A1E713B5B005F3FFC /* splash */ = {
			isa = PBXGroup;
			children = (
				6FFD831B1E713B5B005F3FFC /* LFMaskLayer.h */,
				6FFD831C1E713B5B005F3FFC /* LFMaskLayer.m */,
			);
			path = splash;
			sourceTree = "<group>";
		};
		6FFD831D1E713B5B005F3FFC /* sticker */ = {
			isa = PBXGroup;
			children = (
				6FFD831E1E713B5B005F3FFC /* LFMovingView.h */,
				6FFD831F1E713B5B005F3FFC /* LFMovingView.m */,
				6F552A7D1E95E1B600AC362C /* LFStickerLabel.h */,
				6F552A7E1E95E1B600AC362C /* LFStickerLabel.m */,
			);
			path = sticker;
			sourceTree = "<group>";
		};
		6FFD834E1E7235D5005F3FFC /* subView */ = {
			isa = PBXGroup;
			children = (
				6FFD83511E7235D5005F3FFC /* LFDrawView.h */,
				6FFD83521E7235D5005F3FFC /* LFDrawView.m */,
				6FFD83531E7235D5005F3FFC /* LFSplashView.h */,
				6FFD83541E7235D5005F3FFC /* LFSplashView.m */,
				6FFD83551E7235D5005F3FFC /* LFStickerView.h */,
				6FFD83561E7235D5005F3FFC /* LFStickerView.m */,
			);
			path = subView;
			sourceTree = "<group>";
		};
/* End PBXGroup section */

/* Begin PBXNativeTarget section */
		6F1201731E513D1B00EA2198 /* LFImagePickerController */ = {
			isa = PBXNativeTarget;
			buildConfigurationList = 6F12018B1E513D1B00EA2198 /* Build configuration list for PBXNativeTarget "LFImagePickerController" */;
			buildPhases = (
				6F1201701E513D1B00EA2198 /* Sources */,
				6F1201711E513D1B00EA2198 /* Frameworks */,
				6F1201721E513D1B00EA2198 /* Resources */,
			);
			buildRules = (
			);
			dependencies = (
			);
			name = LFImagePickerController;
			productName = LFImagePickerController;
			productReference = 6F1201741E513D1B00EA2198 /* LFImagePickerController.app */;
			productType = "com.apple.product-type.application";
		};
/* End PBXNativeTarget section */

/* Begin PBXProject section */
		6F12016C1E513D1B00EA2198 /* Project object */ = {
			isa = PBXProject;
			attributes = {
				LastUpgradeCheck = 0820;
				ORGANIZATIONNAME = LamTsanFeng;
				TargetAttributes = {
					6F1201731E513D1B00EA2198 = {
						CreatedOnToolsVersion = 8.2.1;
						DevelopmentTeam = 3VDRUN62M8;
						ProvisioningStyle = Automatic;
					};
				};
			};
			buildConfigurationList = 6F12016F1E513D1B00EA2198 /* Build configuration list for PBXProject "LFImagePickerController" */;
			compatibilityVersion = "Xcode 3.2";
			developmentRegion = English;
			hasScannedForEncodings = 0;
			knownRegions = (
				en,
				Base,
			);
			mainGroup = 6F12016B1E513D1B00EA2198;
			productRefGroup = 6F1201751E513D1B00EA2198 /* Products */;
			projectDirPath = "";
			projectRoot = "";
			targets = (
				6F1201731E513D1B00EA2198 /* LFImagePickerController */,
			);
		};
/* End PBXProject section */

/* Begin PBXResourcesBuildPhase section */
		6F1201721E513D1B00EA2198 /* Resources */ = {
			isa = PBXResourcesBuildPhase;
			buildActionMask = 2147483647;
			files = (
				6F552A821E961C8400AC362C /* 1.jpeg in Resources */,
				6F1201871E513D1B00EA2198 /* LaunchScreen.storyboard in Resources */,
				6F552A831E961C8400AC362C /* 2.jpeg in Resources */,
				6F1201A61E51404400EA2198 /* LFImagePickerController.bundle in Resources */,
				6F1201841E513D1B00EA2198 /* Assets.xcassets in Resources */,
				6F1201821E513D1B00EA2198 /* Main.storyboard in Resources */,
			);
			runOnlyForDeploymentPostprocessing = 0;
		};
/* End PBXResourcesBuildPhase section */

/* Begin PBXSourcesBuildPhase section */
		6F1201701E513D1B00EA2198 /* Sources */ = {
			isa = PBXSourcesBuildPhase;
			buildActionMask = 2147483647;
			files = (
				6FA8E2B91E7BC5060033B83F /* LFPhotoEdit.m in Sources */,
				6FFD83861E723A3F005F3FFC /* LFEdittingView.m in Sources */,
				6F16C5971E8224EF00B251A0 /* LFBaseViewController.m in Sources */,
				6F1201E81E519E8300EA2198 /* UIView+LFFrame.m in Sources */,
				6F9DDCF31EB075E100CDAD13 /* UIDevice+LFOrientation.m in Sources */,
				6F1201E61E519E8300EA2198 /* UIImage+LF_ImageCompress.m in Sources */,
				6F796D871EB2032000CECB02 /* JRPickColorView.m in Sources */,
				6FF286121E5EB9AD0008FB5B /* UIView+LFCommon.m in Sources */,
				6F16C58C1E80F42300B251A0 /* LFEditToolbar.m in Sources */,
				6F1201B01E51520400EA2198 /* LFAssetManager+Authorization.m in Sources */,
				6F552A7C1E95DFFE00AC362C /* NSString+LFCoreText.m in Sources */,
				6F1201E71E519E8300EA2198 /* UIView+LFAnimate.m in Sources */,
				6FA36E511EB9DC700009E2DE /* UIImage+LF_Format.m in Sources */,
				6FFD835A1E7235D5005F3FFC /* LFStickerView.m in Sources */,
				6FFD83201E713B5B005F3FFC /* LFGridLayer.m in Sources */,
				6F12017F1E513D1B00EA2198 /* ViewController.m in Sources */,
				6F12017C1E513D1B00EA2198 /* AppDelegate.m in Sources */,
				6F9DF07F1E9F6E0E002C41BB /* LFClipToolbar.m in Sources */,
				6FFD83221E713B5B005F3FFC /* LFGridView.m in Sources */,
				6F2EEAF31E52F4A500765689 /* LFPhotoPreviewCell.m in Sources */,
				6F74DC981E85147A00170A95 /* LFAssetManager+SaveAlbum.m in Sources */,
				6F3DC4761E8A59BC00BF623E /* LFColorSlider.m in Sources */,
				6FFD83591E7235D5005F3FFC /* LFSplashView.m in Sources */,
				6F1201951E513E5500EA2198 /* LFAsset.m in Sources */,
				6F1201791E513D1B00EA2198 /* main.m in Sources */,
				6FF286181E5EDA510008FB5B /* LFPhotoEditManager.m in Sources */,
				6F1201ED1E51A06D00EA2198 /* UIImage+LFCommon.m in Sources */,
				6FE453981E762C5200AE9EAF /* LFScrollView.m in Sources */,
				6F552A7F1E95E1B600AC362C /* LFStickerLabel.m in Sources */,
				6F0480181E7A6018004F20B4 /* LFZoomingView.m in Sources */,
				6FFD83211E713B5B005F3FFC /* LFGridMaskLayer.m in Sources */,
				6F1201C51E518EBE00EA2198 /* LFAlbumPickerController.m in Sources */,
				6FF2861C1E5FFF170008FB5B /* LFImagePickerHeader.m in Sources */,
				6FFD83261E713B5B005F3FFC /* LFMovingView.m in Sources */,
				6F12019A1E513ECD00EA2198 /* LFAssetCell.m in Sources */,
				6F1201A01E513FB100EA2198 /* LFAssetManager.m in Sources */,
				6F12019D1E513EE100EA2198 /* LFAlbumCell.m in Sources */,
				6F16C5941E8205C000B251A0 /* LFTextBar.m in Sources */,
				6F16C5911E80F4D300B251A0 /* LFStickerBar.m in Sources */,
				6FF286051E5D6D4F0008FB5B /* LFPhotoEdittingController.m in Sources */,
				6F1201BF1E5183E000EA2198 /* LFPhotoPickerController.m in Sources */,
				6F1201F01E51A6EA00EA2198 /* LFPhotoPreviewController.m in Sources */,
				6F1201AD1E514F9D00EA2198 /* LFAlbum.m in Sources */,
				6F1201E51E519E8300EA2198 /* UIAlertView+LF_Block.m in Sources */,
				6FE4539E1E7631BF00AE9EAF /* LFClippingView.m in Sources */,
				6F1201A91E5140C900EA2198 /* LFImagePickerController.m in Sources */,
				6FFD83251E713B5B005F3FFC /* LFMaskLayer.m in Sources */,
				6FFD83581E7235D5005F3FFC /* LFDrawView.m in Sources */,
				6F552A791E94F67700AC362C /* LFText.m in Sources */,
				6F1201E91E519E8300EA2198 /* LF_FileUtility.m in Sources */,
				6F1201C21E51884B00EA2198 /* LFLayoutPickerController.m in Sources */,
				6FFD83231E713B5B005F3FFC /* LFResizeControl.m in Sources */,
				6F1201F31E51AE2E00EA2198 /* LFVideoPlayerController.m in Sources */,
				6F1201EA1E519E8300EA2198 /* LF_VideoUtils.m in Sources */,
			);
			runOnlyForDeploymentPostprocessing = 0;
		};
/* End PBXSourcesBuildPhase section */

/* Begin PBXVariantGroup section */
		6F1201801E513D1B00EA2198 /* Main.storyboard */ = {
			isa = PBXVariantGroup;
			children = (
				6F1201811E513D1B00EA2198 /* Base */,
			);
			name = Main.storyboard;
			sourceTree = "<group>";
		};
		6F1201851E513D1B00EA2198 /* LaunchScreen.storyboard */ = {
			isa = PBXVariantGroup;
			children = (
				6F1201861E513D1B00EA2198 /* Base */,
			);
			name = LaunchScreen.storyboard;
			sourceTree = "<group>";
		};
/* End PBXVariantGroup section */

/* Begin XCBuildConfiguration section */
		6F1201891E513D1B00EA2198 /* Debug */ = {
			isa = XCBuildConfiguration;
			buildSettings = {
				ALWAYS_SEARCH_USER_PATHS = NO;
				CLANG_ANALYZER_NONNULL = YES;
				CLANG_CXX_LANGUAGE_STANDARD = "gnu++0x";
				CLANG_CXX_LIBRARY = "libc++";
				CLANG_ENABLE_MODULES = YES;
				CLANG_ENABLE_OBJC_ARC = YES;
				CLANG_WARN_BOOL_CONVERSION = YES;
				CLANG_WARN_CONSTANT_CONVERSION = YES;
				CLANG_WARN_DIRECT_OBJC_ISA_USAGE = YES_ERROR;
				CLANG_WARN_DOCUMENTATION_COMMENTS = YES;
				CLANG_WARN_EMPTY_BODY = YES;
				CLANG_WARN_ENUM_CONVERSION = YES;
				CLANG_WARN_INFINITE_RECURSION = YES;
				CLANG_WARN_INT_CONVERSION = YES;
				CLANG_WARN_OBJC_ROOT_CLASS = YES_ERROR;
				CLANG_WARN_SUSPICIOUS_MOVE = YES;
				CLANG_WARN_UNREACHABLE_CODE = YES;
				CLANG_WARN__DUPLICATE_METHOD_MATCH = YES;
				"CODE_SIGN_IDENTITY[sdk=iphoneos*]" = "iPhone Developer";
				COPY_PHASE_STRIP = NO;
				DEBUG_INFORMATION_FORMAT = dwarf;
				ENABLE_STRICT_OBJC_MSGSEND = YES;
				ENABLE_TESTABILITY = YES;
				GCC_C_LANGUAGE_STANDARD = gnu99;
				GCC_DYNAMIC_NO_PIC = NO;
				GCC_NO_COMMON_BLOCKS = YES;
				GCC_OPTIMIZATION_LEVEL = 0;
				GCC_PREPROCESSOR_DEFINITIONS = (
					"DEBUG=1",
					"$(inherited)",
				);
				GCC_WARN_64_TO_32_BIT_CONVERSION = YES;
				GCC_WARN_ABOUT_RETURN_TYPE = YES_ERROR;
				GCC_WARN_UNDECLARED_SELECTOR = YES;
				GCC_WARN_UNINITIALIZED_AUTOS = YES_AGGRESSIVE;
				GCC_WARN_UNUSED_FUNCTION = YES;
				GCC_WARN_UNUSED_VARIABLE = YES;
				IPHONEOS_DEPLOYMENT_TARGET = 7.0;
				MTL_ENABLE_DEBUG_INFO = YES;
				ONLY_ACTIVE_ARCH = YES;
				SDKROOT = iphoneos;
			};
			name = Debug;
		};
		6F12018A1E513D1B00EA2198 /* Release */ = {
			isa = XCBuildConfiguration;
			buildSettings = {
				ALWAYS_SEARCH_USER_PATHS = NO;
				CLANG_ANALYZER_NONNULL = YES;
				CLANG_CXX_LANGUAGE_STANDARD = "gnu++0x";
				CLANG_CXX_LIBRARY = "libc++";
				CLANG_ENABLE_MODULES = YES;
				CLANG_ENABLE_OBJC_ARC = YES;
				CLANG_WARN_BOOL_CONVERSION = YES;
				CLANG_WARN_CONSTANT_CONVERSION = YES;
				CLANG_WARN_DIRECT_OBJC_ISA_USAGE = YES_ERROR;
				CLANG_WARN_DOCUMENTATION_COMMENTS = YES;
				CLANG_WARN_EMPTY_BODY = YES;
				CLANG_WARN_ENUM_CONVERSION = YES;
				CLANG_WARN_INFINITE_RECURSION = YES;
				CLANG_WARN_INT_CONVERSION = YES;
				CLANG_WARN_OBJC_ROOT_CLASS = YES_ERROR;
				CLANG_WARN_SUSPICIOUS_MOVE = YES;
				CLANG_WARN_UNREACHABLE_CODE = YES;
				CLANG_WARN__DUPLICATE_METHOD_MATCH = YES;
				"CODE_SIGN_IDENTITY[sdk=iphoneos*]" = "iPhone Developer";
				COPY_PHASE_STRIP = NO;
				DEBUG_INFORMATION_FORMAT = "dwarf-with-dsym";
				ENABLE_NS_ASSERTIONS = NO;
				ENABLE_STRICT_OBJC_MSGSEND = YES;
				GCC_C_LANGUAGE_STANDARD = gnu99;
				GCC_NO_COMMON_BLOCKS = YES;
				GCC_WARN_64_TO_32_BIT_CONVERSION = YES;
				GCC_WARN_ABOUT_RETURN_TYPE = YES_ERROR;
				GCC_WARN_UNDECLARED_SELECTOR = YES;
				GCC_WARN_UNINITIALIZED_AUTOS = YES_AGGRESSIVE;
				GCC_WARN_UNUSED_FUNCTION = YES;
				GCC_WARN_UNUSED_VARIABLE = YES;
				IPHONEOS_DEPLOYMENT_TARGET = 7.0;
				MTL_ENABLE_DEBUG_INFO = NO;
				SDKROOT = iphoneos;
				VALIDATE_PRODUCT = YES;
			};
			name = Release;
		};
		6F12018C1E513D1B00EA2198 /* Debug */ = {
			isa = XCBuildConfiguration;
			buildSettings = {
				ASSETCATALOG_COMPILER_APPICON_NAME = AppIcon;
				DEVELOPMENT_TEAM = 3VDRUN62M8;
				INFOPLIST_FILE = LFImagePickerController/Info.plist;
				LD_RUNPATH_SEARCH_PATHS = "$(inherited) @executable_path/Frameworks";
				PRODUCT_BUNDLE_IDENTIFIER = com.lincf0912.LFImagePickerController;
				PRODUCT_NAME = "$(TARGET_NAME)";
				TARGETED_DEVICE_FAMILY = "1,2";
			};
			name = Debug;
		};
		6F12018D1E513D1B00EA2198 /* Release */ = {
			isa = XCBuildConfiguration;
			buildSettings = {
				ASSETCATALOG_COMPILER_APPICON_NAME = AppIcon;
				DEVELOPMENT_TEAM = 3VDRUN62M8;
				INFOPLIST_FILE = LFImagePickerController/Info.plist;
				LD_RUNPATH_SEARCH_PATHS = "$(inherited) @executable_path/Frameworks";
				PRODUCT_BUNDLE_IDENTIFIER = com.lincf0912.LFImagePickerController;
				PRODUCT_NAME = "$(TARGET_NAME)";
				TARGETED_DEVICE_FAMILY = "1,2";
			};
			name = Release;
		};
/* End XCBuildConfiguration section */

/* Begin XCConfigurationList section */
		6F12016F1E513D1B00EA2198 /* Build configuration list for PBXProject "LFImagePickerController" */ = {
			isa = XCConfigurationList;
			buildConfigurations = (
				6F1201891E513D1B00EA2198 /* Debug */,
				6F12018A1E513D1B00EA2198 /* Release */,
			);
			defaultConfigurationIsVisible = 0;
			defaultConfigurationName = Release;
		};
		6F12018B1E513D1B00EA2198 /* Build configuration list for PBXNativeTarget "LFImagePickerController" */ = {
			isa = XCConfigurationList;
			buildConfigurations = (
				6F12018C1E513D1B00EA2198 /* Debug */,
				6F12018D1E513D1B00EA2198 /* Release */,
			);
			defaultConfigurationIsVisible = 0;
			defaultConfigurationName = Release;
		};
/* End XCConfigurationList section */
	};
	rootObject = 6F12016C1E513D1B00EA2198 /* Project object */;
}
